// !$*UTF8*$!
{
	archiveVersion = 1;
	classes = {
	};
	objectVersion = 46;
	objects = {

/* Begin PBXBuildFile section */
		1E04D3AA18ADCBC200BC81FC /* CSUtilities.m in Sources */ = {isa = PBXBuildFile; fileRef = 1E04D3A918ADCBC200BC81FC /* CSUtilities.m */; };
		1E04D3AD18ADD15000BC81FC /* ContentModel.xcdatamodeld in Sources */ = {isa = PBXBuildFile; fileRef = 1E04D3AB18ADD15000BC81FC /* ContentModel.xcdatamodeld */; };
		1E04D3B218ADD65900BC81FC /* CSMenuViewController.m in Sources */ = {isa = PBXBuildFile; fileRef = 1E04D3B118ADD65900BC81FC /* CSMenuViewController.m */; };
		1E04D3DC18ADECE400BC81FC /* CSContentViewController.m in Sources */ = {isa = PBXBuildFile; fileRef = 1E04D3DB18ADECE400BC81FC /* CSContentViewController.m */; };
		1E3377A918ADBCA80052DEAA /* CSCategoryListController.m in Sources */ = {isa = PBXBuildFile; fileRef = 1E3377A818ADBCA80052DEAA /* CSCategoryListController.m */; };
		1E3F34C518FAEA0000CA61A8 /* Main_iPhone.storyboard in Resources */ = {isa = PBXBuildFile; fileRef = 1E58AF9F18A540A300E28EAA /* Main_iPhone.storyboard */; };
		1E3F34CF18FB400700CA61A8 /* appicon_crop_57.png in Resources */ = {isa = PBXBuildFile; fileRef = 1E3F34C818FB400700CA61A8 /* appicon_crop_57.png */; };
		1E3F34D018FB400700CA61A8 /* appicon_crop_72.png in Resources */ = {isa = PBXBuildFile; fileRef = 1E3F34C918FB400700CA61A8 /* appicon_crop_72.png */; };
		1E3F34D118FB400700CA61A8 /* appicon_crop_76.png in Resources */ = {isa = PBXBuildFile; fileRef = 1E3F34CA18FB400700CA61A8 /* appicon_crop_76.png */; };
		1E3F34D218FB400700CA61A8 /* appicon_crop_114.png in Resources */ = {isa = PBXBuildFile; fileRef = 1E3F34CB18FB400700CA61A8 /* appicon_crop_114.png */; };
		1E3F34D318FB400700CA61A8 /* appicon_crop_120.png in Resources */ = {isa = PBXBuildFile; fileRef = 1E3F34CC18FB400700CA61A8 /* appicon_crop_120.png */; };
		1E3F34D418FB400700CA61A8 /* appicon_crop_144.png in Resources */ = {isa = PBXBuildFile; fileRef = 1E3F34CD18FB400700CA61A8 /* appicon_crop_144.png */; };
		1E41CBA519002BED00945BE0 /* appicon_crop_80.png in Resources */ = {isa = PBXBuildFile; fileRef = 1E41CBA419002BED00945BE0 /* appicon_crop_80.png */; };
		1E41CBA719002C7700945BE0 /* cs_splash_small.png in Resources */ = {isa = PBXBuildFile; fileRef = 1E41CBA619002C7700945BE0 /* cs_splash_small.png */; };
		1E41CBA919002D0B00945BE0 /* appicon_crop_58.png in Resources */ = {isa = PBXBuildFile; fileRef = 1E41CBA819002D0B00945BE0 /* appicon_crop_58.png */; };
		1E41CBAB19002D2700945BE0 /* appicon_crop_29.png in Resources */ = {isa = PBXBuildFile; fileRef = 1E41CBAA19002D2700945BE0 /* appicon_crop_29.png */; };
		1E41CBAD19002E0400945BE0 /* Images.xcassets in Resources */ = {isa = PBXBuildFile; fileRef = 1E41CBAC19002E0400945BE0 /* Images.xcassets */; };
		1E4C461118FE04D30074850E /* NSDictionary+NotNull.m in Sources */ = {isa = PBXBuildFile; fileRef = 1E4C461018FE04D30074850E /* NSDictionary+NotNull.m */; };
		1E563F5D18FACFF2009644E5 /* Default.png in Resources */ = {isa = PBXBuildFile; fileRef = 1E563F5A18FACFF2009644E5 /* Default.png */; };
		1E563F5E18FACFF2009644E5 /* Default~iphone.png in Resources */ = {isa = PBXBuildFile; fileRef = 1E563F5B18FACFF2009644E5 /* Default~iphone.png */; };
		1E563F5F18FACFF2009644E5 /* Default-568h@2x.png in Resources */ = {isa = PBXBuildFile; fileRef = 1E563F5C18FACFF2009644E5 /* Default-568h@2x.png */; };
		1E58AF9818A540A300E28EAA /* InfoPlist.strings in Resources */ = {isa = PBXBuildFile; fileRef = 1E58AF9618A540A300E28EAA /* InfoPlist.strings */; };
		1E58AF9A18A540A300E28EAA /* main.m in Sources */ = {isa = PBXBuildFile; fileRef = 1E58AF9918A540A300E28EAA /* main.m */; };
		1E58AF9E18A540A300E28EAA /* CSAppDelegate.m in Sources */ = {isa = PBXBuildFile; fileRef = 1E58AF9D18A540A300E28EAA /* CSAppDelegate.m */; };
		1E58AFA918A540A300E28EAA /* Images.xcassets in Resources */ = {isa = PBXBuildFile; fileRef = 1E58AFA818A540A300E28EAA /* Images.xcassets */; };
		1E58AFBA18A540A300E28EAA /* InfoPlist.strings in Resources */ = {isa = PBXBuildFile; fileRef = 1E58AFB818A540A300E28EAA /* InfoPlist.strings */; };
		1E58AFBC18A540A300E28EAA /* Clean___Sober_ToolboxTests.m in Sources */ = {isa = PBXBuildFile; fileRef = 1E58AFBB18A540A300E28EAA /* Clean___Sober_ToolboxTests.m */; };
		1EA131F218FA4E48000B3C94 /* yearcert.png in Resources */ = {isa = PBXBuildFile; fileRef = 1EA131F118FA4E48000B3C94 /* yearcert.png */; };
		1ECF7D941914115900D70F68 /* User.m in Sources */ = {isa = PBXBuildFile; fileRef = 1ECF7D931914115900D70F68 /* User.m */; };
		1ECF7D971914115900D70F68 /* CSCategory.m in Sources */ = {isa = PBXBuildFile; fileRef = 1ECF7D961914115900D70F68 /* CSCategory.m */; };
		1ECF7D9A1914115A00D70F68 /* CSContent.m in Sources */ = {isa = PBXBuildFile; fileRef = 1ECF7D991914115A00D70F68 /* CSContent.m */; };
		1ED7DE5D1A11B40700D82F63 /* about.json in Resources */ = {isa = PBXBuildFile; fileRef = 1ED7DE581A11B40700D82F63 /* about.json */; };
		1ED7DE5E1A11B40700D82F63 /* categories.json in Resources */ = {isa = PBXBuildFile; fileRef = 1ED7DE591A11B40700D82F63 /* categories.json */; };
		1ED7DE5F1A11B40700D82F63 /* disclaimer.json in Resources */ = {isa = PBXBuildFile; fileRef = 1ED7DE5A1A11B40700D82F63 /* disclaimer.json */; };
		1ED7DE601A11B40700D82F63 /* help.json in Resources */ = {isa = PBXBuildFile; fileRef = 1ED7DE5B1A11B40700D82F63 /* help.json */; };
		1ED7DE611A11B40700D82F63 /* messages.json in Resources */ = {isa = PBXBuildFile; fileRef = 1ED7DE5C1A11B40700D82F63 /* messages.json */; };
		1EDC5FD818B9B57600826A52 /* CSDonateViewController.m in Sources */ = {isa = PBXBuildFile; fileRef = 1EDC5FD718B9B57600826A52 /* CSDonateViewController.m */; };
		1EDC5FDE18B9BA1800826A52 /* CSPsychologyViewController.m in Sources */ = {isa = PBXBuildFile; fileRef = 1EDC5FDD18B9BA1800826A52 /* CSPsychologyViewController.m */; };
		1EDC5FE118B9BFAC00826A52 /* CSDisclaimerViewController.m in Sources */ = {isa = PBXBuildFile; fileRef = 1EDC5FE018B9BFAC00826A52 /* CSDisclaimerViewController.m */; };
		1EF1FD4118F31AF1003DA04C /* CSRewardsViewController.m in Sources */ = {isa = PBXBuildFile; fileRef = 1EF1FD4018F31AF1003DA04C /* CSRewardsViewController.m */; };
		1EF1FD4A18F33753003DA04C /* coinyear.png in Resources */ = {isa = PBXBuildFile; fileRef = 1EF1FD4318F33753003DA04C /* coinyear.png */; };
		1EF1FD4B18F33753003DA04C /* coin9month.png in Resources */ = {isa = PBXBuildFile; fileRef = 1EF1FD4418F33753003DA04C /* coin9month.png */; };
		1EF1FD4C18F33753003DA04C /* coin6month.png in Resources */ = {isa = PBXBuildFile; fileRef = 1EF1FD4518F33753003DA04C /* coin6month.png */; };
		1EF1FD4D18F33753003DA04C /* coin90.png in Resources */ = {isa = PBXBuildFile; fileRef = 1EF1FD4618F33753003DA04C /* coin90.png */; };
		1EF1FD4E18F33753003DA04C /* coin60.png in Resources */ = {isa = PBXBuildFile; fileRef = 1EF1FD4718F33753003DA04C /* coin60.png */; };
		1EF1FD4F18F33753003DA04C /* coin30.png in Resources */ = {isa = PBXBuildFile; fileRef = 1EF1FD4818F33753003DA04C /* coin30.png */; };
		1EF1FD5018F33753003DA04C /* coin7.png in Resources */ = {isa = PBXBuildFile; fileRef = 1EF1FD4918F33753003DA04C /* coin7.png */; };
		1EF8DF15192D982900ADC204 /* CSWebViewController.m in Sources */ = {isa = PBXBuildFile; fileRef = 1EF8DF14192D982900ADC204 /* CSWebViewController.m */; };
		818B5640D9C0C97293086EB6 /* Pods_Clean___Sober_ToolboxTests.framework in Frameworks */ = {isa = PBXBuildFile; fileRef = C80B3B16DED89E64110E0BC4 /* Pods_Clean___Sober_ToolboxTests.framework */; };
		C9E6B5DF9B3AA422B1B604C0 /* Pods_Sober_Tool.framework in Frameworks */ = {isa = PBXBuildFile; fileRef = 368C182D7AE120AA6AD9F402 /* Pods_Sober_Tool.framework */; };
/* End PBXBuildFile section */

/* Begin PBXContainerItemProxy section */
		1E58AFB318A540A300E28EAA /* PBXContainerItemProxy */ = {
			isa = PBXContainerItemProxy;
			containerPortal = 1E58AF8218A540A300E28EAA /* Project object */;
			proxyType = 1;
			remoteGlobalIDString = 1E58AF8918A540A300E28EAA;
			remoteInfo = "Clean & Sober Toolbox";
		};
/* End PBXContainerItemProxy section */

/* Begin PBXFileReference section */
		1E04D3A818ADCBC200BC81FC /* CSUtilities.h */ = {isa = PBXFileReference; fileEncoding = 4; lastKnownFileType = sourcecode.c.h; path = CSUtilities.h; sourceTree = "<group>"; };
		1E04D3A918ADCBC200BC81FC /* CSUtilities.m */ = {isa = PBXFileReference; fileEncoding = 4; lastKnownFileType = sourcecode.c.objc; path = CSUtilities.m; sourceTree = "<group>"; };
		1E04D3AC18ADD15000BC81FC /* ContentModel.xcdatamodel */ = {isa = PBXFileReference; lastKnownFileType = wrapper.xcdatamodel; path = ContentModel.xcdatamodel; sourceTree = "<group>"; };
		1E04D3AE18ADD4B300BC81FC /* Constants.h */ = {isa = PBXFileReference; lastKnownFileType = sourcecode.c.h; path = Constants.h; sourceTree = "<group>"; };
		1E04D3B018ADD65900BC81FC /* CSMenuViewController.h */ = {isa = PBXFileReference; fileEncoding = 4; lastKnownFileType = sourcecode.c.h; path = CSMenuViewController.h; sourceTree = "<group>"; };
		1E04D3B118ADD65900BC81FC /* CSMenuViewController.m */ = {isa = PBXFileReference; fileEncoding = 4; lastKnownFileType = sourcecode.c.objc; path = CSMenuViewController.m; sourceTree = "<group>"; };
		1E04D3DA18ADECE400BC81FC /* CSContentViewController.h */ = {isa = PBXFileReference; fileEncoding = 4; lastKnownFileType = sourcecode.c.h; path = CSContentViewController.h; sourceTree = "<group>"; };
		1E04D3DB18ADECE400BC81FC /* CSContentViewController.m */ = {isa = PBXFileReference; fileEncoding = 4; lastKnownFileType = sourcecode.c.objc; path = CSContentViewController.m; sourceTree = "<group>"; };
		1E3377A718ADBCA80052DEAA /* CSCategoryListController.h */ = {isa = PBXFileReference; fileEncoding = 4; lastKnownFileType = sourcecode.c.h; path = CSCategoryListController.h; sourceTree = "<group>"; };
		1E3377A818ADBCA80052DEAA /* CSCategoryListController.m */ = {isa = PBXFileReference; fileEncoding = 4; lastKnownFileType = sourcecode.c.objc; path = CSCategoryListController.m; sourceTree = "<group>"; };
		1E3F34C818FB400700CA61A8 /* appicon_crop_57.png */ = {isa = PBXFileReference; lastKnownFileType = image.png; path = appicon_crop_57.png; sourceTree = "<group>"; };
		1E3F34C918FB400700CA61A8 /* appicon_crop_72.png */ = {isa = PBXFileReference; lastKnownFileType = image.png; path = appicon_crop_72.png; sourceTree = "<group>"; };
		1E3F34CA18FB400700CA61A8 /* appicon_crop_76.png */ = {isa = PBXFileReference; lastKnownFileType = image.png; path = appicon_crop_76.png; sourceTree = "<group>"; };
		1E3F34CB18FB400700CA61A8 /* appicon_crop_114.png */ = {isa = PBXFileReference; lastKnownFileType = image.png; path = appicon_crop_114.png; sourceTree = "<group>"; };
		1E3F34CC18FB400700CA61A8 /* appicon_crop_120.png */ = {isa = PBXFileReference; lastKnownFileType = image.png; path = appicon_crop_120.png; sourceTree = "<group>"; };
		1E3F34CD18FB400700CA61A8 /* appicon_crop_144.png */ = {isa = PBXFileReference; lastKnownFileType = image.png; path = appicon_crop_144.png; sourceTree = "<group>"; };
		1E41CBA419002BED00945BE0 /* appicon_crop_80.png */ = {isa = PBXFileReference; lastKnownFileType = image.png; path = appicon_crop_80.png; sourceTree = "<group>"; };
		1E41CBA619002C7700945BE0 /* cs_splash_small.png */ = {isa = PBXFileReference; lastKnownFileType = image.png; path = cs_splash_small.png; sourceTree = "<group>"; };
		1E41CBA819002D0B00945BE0 /* appicon_crop_58.png */ = {isa = PBXFileReference; lastKnownFileType = image.png; path = appicon_crop_58.png; sourceTree = "<group>"; };
		1E41CBAA19002D2700945BE0 /* appicon_crop_29.png */ = {isa = PBXFileReference; lastKnownFileType = image.png; path = appicon_crop_29.png; sourceTree = "<group>"; };
		1E41CBAC19002E0400945BE0 /* Images.xcassets */ = {isa = PBXFileReference; lastKnownFileType = folder.assetcatalog; name = Images.xcassets; path = "Sober Tool/Images.xcassets"; sourceTree = "<group>"; };
		1E4C460F18FE04D30074850E /* NSDictionary+NotNull.h */ = {isa = PBXFileReference; fileEncoding = 4; lastKnownFileType = sourcecode.c.h; path = "NSDictionary+NotNull.h"; sourceTree = "<group>"; };
		1E4C461018FE04D30074850E /* NSDictionary+NotNull.m */ = {isa = PBXFileReference; fileEncoding = 4; lastKnownFileType = sourcecode.c.objc; path = "NSDictionary+NotNull.m"; sourceTree = "<group>"; };
		1E563F5A18FACFF2009644E5 /* Default.png */ = {isa = PBXFileReference; lastKnownFileType = image.png; path = Default.png; sourceTree = "<group>"; };
		1E563F5B18FACFF2009644E5 /* Default~iphone.png */ = {isa = PBXFileReference; lastKnownFileType = image.png; path = "Default~iphone.png"; sourceTree = "<group>"; };
		1E563F5C18FACFF2009644E5 /* Default-568h@2x.png */ = {isa = PBXFileReference; lastKnownFileType = image.png; path = "Default-568h@2x.png"; sourceTree = "<group>"; };
		1E58AF8A18A540A300E28EAA /* Sobertool.app */ = {isa = PBXFileReference; explicitFileType = wrapper.application; includeInIndex = 0; path = Sobertool.app; sourceTree = BUILT_PRODUCTS_DIR; };
		1E58AF9518A540A300E28EAA /* Clean & Sober Toolbox-Info.plist */ = {isa = PBXFileReference; lastKnownFileType = text.plist.xml; path = "Clean & Sober Toolbox-Info.plist"; sourceTree = "<group>"; };
		1E58AF9718A540A300E28EAA /* en */ = {isa = PBXFileReference; lastKnownFileType = text.plist.strings; name = en; path = en.lproj/InfoPlist.strings; sourceTree = "<group>"; };
		1E58AF9918A540A300E28EAA /* main.m */ = {isa = PBXFileReference; lastKnownFileType = sourcecode.c.objc; path = main.m; sourceTree = "<group>"; };
		1E58AF9B18A540A300E28EAA /* Clean & Sober Toolbox-Prefix.pch */ = {isa = PBXFileReference; lastKnownFileType = sourcecode.c.h; path = "Clean & Sober Toolbox-Prefix.pch"; sourceTree = "<group>"; };
		1E58AF9C18A540A300E28EAA /* CSAppDelegate.h */ = {isa = PBXFileReference; lastKnownFileType = sourcecode.c.h; path = CSAppDelegate.h; sourceTree = "<group>"; };
		1E58AF9D18A540A300E28EAA /* CSAppDelegate.m */ = {isa = PBXFileReference; lastKnownFileType = sourcecode.c.objc; path = CSAppDelegate.m; sourceTree = "<group>"; };
		1E58AFA018A540A300E28EAA /* Base */ = {isa = PBXFileReference; lastKnownFileType = file.storyboard; name = Base; path = Base.lproj/Main_iPhone.storyboard; sourceTree = "<group>"; };
		1E58AFA818A540A300E28EAA /* Images.xcassets */ = {isa = PBXFileReference; lastKnownFileType = folder.assetcatalog; path = Images.xcassets; sourceTree = "<group>"; };
		1E58AFAE18A540A300E28EAA /* Clean & Sober ToolboxTests.xctest */ = {isa = PBXFileReference; explicitFileType = wrapper.cfbundle; includeInIndex = 0; path = "Clean & Sober ToolboxTests.xctest"; sourceTree = BUILT_PRODUCTS_DIR; };
		1E58AFB718A540A300E28EAA /* Clean & Sober ToolboxTests-Info.plist */ = {isa = PBXFileReference; lastKnownFileType = text.plist.xml; path = "Clean & Sober ToolboxTests-Info.plist"; sourceTree = "<group>"; };
		1E58AFB918A540A300E28EAA /* en */ = {isa = PBXFileReference; lastKnownFileType = text.plist.strings; name = en; path = en.lproj/InfoPlist.strings; sourceTree = "<group>"; };
		1E58AFBB18A540A300E28EAA /* Clean___Sober_ToolboxTests.m */ = {isa = PBXFileReference; lastKnownFileType = sourcecode.c.objc; path = "Clean___Sober_ToolboxTests.m"; sourceTree = "<group>"; };
		1EA131F118FA4E48000B3C94 /* yearcert.png */ = {isa = PBXFileReference; lastKnownFileType = image.png; path = yearcert.png; sourceTree = "<group>"; };
		1ECF7D921914115900D70F68 /* User.h */ = {isa = PBXFileReference; fileEncoding = 4; lastKnownFileType = sourcecode.c.h; path = User.h; sourceTree = "<group>"; };
		1ECF7D931914115900D70F68 /* User.m */ = {isa = PBXFileReference; fileEncoding = 4; lastKnownFileType = sourcecode.c.objc; path = User.m; sourceTree = "<group>"; };
		1ECF7D951914115900D70F68 /* CSCategory.h */ = {isa = PBXFileReference; fileEncoding = 4; lastKnownFileType = sourcecode.c.h; path = CSCategory.h; sourceTree = "<group>"; };
		1ECF7D961914115900D70F68 /* CSCategory.m */ = {isa = PBXFileReference; fileEncoding = 4; lastKnownFileType = sourcecode.c.objc; path = CSCategory.m; sourceTree = "<group>"; };
		1ECF7D981914115A00D70F68 /* CSContent.h */ = {isa = PBXFileReference; fileEncoding = 4; lastKnownFileType = sourcecode.c.h; path = CSContent.h; sourceTree = "<group>"; };
		1ECF7D991914115A00D70F68 /* CSContent.m */ = {isa = PBXFileReference; fileEncoding = 4; lastKnownFileType = sourcecode.c.objc; path = CSContent.m; sourceTree = "<group>"; };
		1ED7DE581A11B40700D82F63 /* about.json */ = {isa = PBXFileReference; fileEncoding = 4; lastKnownFileType = text.json; path = about.json; sourceTree = "<group>"; };
		1ED7DE591A11B40700D82F63 /* categories.json */ = {isa = PBXFileReference; fileEncoding = 4; lastKnownFileType = text.json; path = categories.json; sourceTree = "<group>"; };
		1ED7DE5A1A11B40700D82F63 /* disclaimer.json */ = {isa = PBXFileReference; fileEncoding = 4; lastKnownFileType = text.json; path = disclaimer.json; sourceTree = "<group>"; };
		1ED7DE5B1A11B40700D82F63 /* help.json */ = {isa = PBXFileReference; fileEncoding = 4; lastKnownFileType = text.json; path = help.json; sourceTree = "<group>"; };
		1ED7DE5C1A11B40700D82F63 /* messages.json */ = {isa = PBXFileReference; fileEncoding = 4; lastKnownFileType = text.json; path = messages.json; sourceTree = "<group>"; };
		1EDC5FD618B9B57600826A52 /* CSDonateViewController.h */ = {isa = PBXFileReference; fileEncoding = 4; lastKnownFileType = sourcecode.c.h; path = CSDonateViewController.h; sourceTree = "<group>"; };
		1EDC5FD718B9B57600826A52 /* CSDonateViewController.m */ = {isa = PBXFileReference; fileEncoding = 4; lastKnownFileType = sourcecode.c.objc; path = CSDonateViewController.m; sourceTree = "<group>"; };
		1EDC5FDC18B9BA1800826A52 /* CSPsychologyViewController.h */ = {isa = PBXFileReference; fileEncoding = 4; lastKnownFileType = sourcecode.c.h; path = CSPsychologyViewController.h; sourceTree = "<group>"; };
		1EDC5FDD18B9BA1800826A52 /* CSPsychologyViewController.m */ = {isa = PBXFileReference; fileEncoding = 4; lastKnownFileType = sourcecode.c.objc; path = CSPsychologyViewController.m; sourceTree = "<group>"; };
		1EDC5FDF18B9BFAC00826A52 /* CSDisclaimerViewController.h */ = {isa = PBXFileReference; fileEncoding = 4; lastKnownFileType = sourcecode.c.h; path = CSDisclaimerViewController.h; sourceTree = "<group>"; };
		1EDC5FE018B9BFAC00826A52 /* CSDisclaimerViewController.m */ = {isa = PBXFileReference; fileEncoding = 4; lastKnownFileType = sourcecode.c.objc; path = CSDisclaimerViewController.m; sourceTree = "<group>"; };
		1EF1FD3F18F31AF1003DA04C /* CSRewardsViewController.h */ = {isa = PBXFileReference; fileEncoding = 4; lastKnownFileType = sourcecode.c.h; path = CSRewardsViewController.h; sourceTree = "<group>"; };
		1EF1FD4018F31AF1003DA04C /* CSRewardsViewController.m */ = {isa = PBXFileReference; fileEncoding = 4; lastKnownFileType = sourcecode.c.objc; path = CSRewardsViewController.m; sourceTree = "<group>"; };
		1EF1FD4318F33753003DA04C /* coinyear.png */ = {isa = PBXFileReference; lastKnownFileType = image.png; path = coinyear.png; sourceTree = "<group>"; };
		1EF1FD4418F33753003DA04C /* coin9month.png */ = {isa = PBXFileReference; lastKnownFileType = image.png; path = coin9month.png; sourceTree = "<group>"; };
		1EF1FD4518F33753003DA04C /* coin6month.png */ = {isa = PBXFileReference; lastKnownFileType = image.png; path = coin6month.png; sourceTree = "<group>"; };
		1EF1FD4618F33753003DA04C /* coin90.png */ = {isa = PBXFileReference; lastKnownFileType = image.png; path = coin90.png; sourceTree = "<group>"; };
		1EF1FD4718F33753003DA04C /* coin60.png */ = {isa = PBXFileReference; lastKnownFileType = image.png; path = coin60.png; sourceTree = "<group>"; };
		1EF1FD4818F33753003DA04C /* coin30.png */ = {isa = PBXFileReference; lastKnownFileType = image.png; path = coin30.png; sourceTree = "<group>"; };
		1EF1FD4918F33753003DA04C /* coin7.png */ = {isa = PBXFileReference; lastKnownFileType = image.png; path = coin7.png; sourceTree = "<group>"; };
		1EF8DF13192D982900ADC204 /* CSWebViewController.h */ = {isa = PBXFileReference; fileEncoding = 4; lastKnownFileType = sourcecode.c.h; path = CSWebViewController.h; sourceTree = "<group>"; };
		1EF8DF14192D982900ADC204 /* CSWebViewController.m */ = {isa = PBXFileReference; fileEncoding = 4; lastKnownFileType = sourcecode.c.objc; path = CSWebViewController.m; sourceTree = "<group>"; };
		2DED28D77CAA24A9397AAC1A /* Pods-Clean & Sober ToolboxTests.release.xcconfig */ = {isa = PBXFileReference; includeInIndex = 1; lastKnownFileType = text.xcconfig; name = "Pods-Clean & Sober ToolboxTests.release.xcconfig"; path = "Pods/Target Support Files/Pods-Clean & Sober ToolboxTests/Pods-Clean & Sober ToolboxTests.release.xcconfig"; sourceTree = "<group>"; };
		368C182D7AE120AA6AD9F402 /* Pods_Sober_Tool.framework */ = {isa = PBXFileReference; explicitFileType = wrapper.framework; includeInIndex = 0; path = Pods_Sober_Tool.framework; sourceTree = BUILT_PRODUCTS_DIR; };
		925B1CD318E56D1D8EF2B913 /* Pods-Clean & Sober ToolboxTests.debug.xcconfig */ = {isa = PBXFileReference; includeInIndex = 1; lastKnownFileType = text.xcconfig; name = "Pods-Clean & Sober ToolboxTests.debug.xcconfig"; path = "Pods/Target Support Files/Pods-Clean & Sober ToolboxTests/Pods-Clean & Sober ToolboxTests.debug.xcconfig"; sourceTree = "<group>"; };
		BE7EB1BC152F652D2CDC1E4F /* Pods-Sober Tool.release.xcconfig */ = {isa = PBXFileReference; includeInIndex = 1; lastKnownFileType = text.xcconfig; name = "Pods-Sober Tool.release.xcconfig"; path = "Pods/Target Support Files/Pods-Sober Tool/Pods-Sober Tool.release.xcconfig"; sourceTree = "<group>"; };
		C80B3B16DED89E64110E0BC4 /* Pods_Clean___Sober_ToolboxTests.framework */ = {isa = PBXFileReference; explicitFileType = wrapper.framework; includeInIndex = 0; path = "Pods_Clean___Sober_ToolboxTests.framework"; sourceTree = BUILT_PRODUCTS_DIR; };
		E2F3CFEB86B17BDE01F9FBE4 /* Pods-Sober Tool.debug.xcconfig */ = {isa = PBXFileReference; includeInIndex = 1; lastKnownFileType = text.xcconfig; name = "Pods-Sober Tool.debug.xcconfig"; path = "Pods/Target Support Files/Pods-Sober Tool/Pods-Sober Tool.debug.xcconfig"; sourceTree = "<group>"; };
/* End PBXFileReference section */

/* Begin PBXFrameworksBuildPhase section */
		1E58AF8718A540A300E28EAA /* Frameworks */ = {
			isa = PBXFrameworksBuildPhase;
			buildActionMask = 2147483647;
			files = (
				C9E6B5DF9B3AA422B1B604C0 /* Pods_Sober_Tool.framework in Frameworks */,
			);
			runOnlyForDeploymentPostprocessing = 0;
		};
		1E58AFAB18A540A300E28EAA /* Frameworks */ = {
			isa = PBXFrameworksBuildPhase;
			buildActionMask = 2147483647;
			files = (
				818B5640D9C0C97293086EB6 /* Pods_Clean___Sober_ToolboxTests.framework in Frameworks */,
			);
			runOnlyForDeploymentPostprocessing = 0;
		};
/* End PBXFrameworksBuildPhase section */

/* Begin PBXGroup section */
		1E04D3A418ADC63D00BC81FC /* static content */ = {
			isa = PBXGroup;
			children = (
				1ED7DE571A11B40700D82F63 /* jsonfiles */,
				1EF1FD4218F3374C003DA04C /* art */,
			);
			name = "static content";
			sourceTree = "<group>";
		};
		1E04D3A718ADCBA300BC81FC /* Utility */ = {
			isa = PBXGroup;
			children = (
				1E04D3A818ADCBC200BC81FC /* CSUtilities.h */,
				1E04D3A918ADCBC200BC81FC /* CSUtilities.m */,
				1E04D3AE18ADD4B300BC81FC /* Constants.h */,
				1E4C460F18FE04D30074850E /* NSDictionary+NotNull.h */,
				1E4C461018FE04D30074850E /* NSDictionary+NotNull.m */,
			);
			name = Utility;
			sourceTree = "<group>";
		};
		1E04D3AF18ADD63C00BC81FC /* ViewControllers */ = {
			isa = PBXGroup;
			children = (
				1EDC5FE218B9C06600826A52 /* Menu */,
				1E3377A718ADBCA80052DEAA /* CSCategoryListController.h */,
				1E3377A818ADBCA80052DEAA /* CSCategoryListController.m */,
				1E04D3DA18ADECE400BC81FC /* CSContentViewController.h */,
				1E04D3DB18ADECE400BC81FC /* CSContentViewController.m */,
			);
			name = ViewControllers;
			sourceTree = "<group>";
		};
		1E04D3BF18ADDAAF00BC81FC /* CoreData Stuff */ = {
			isa = PBXGroup;
			children = (
				1E04D3AB18ADD15000BC81FC /* ContentModel.xcdatamodeld */,
				1ECF7D921914115900D70F68 /* User.h */,
				1ECF7D931914115900D70F68 /* User.m */,
				1ECF7D951914115900D70F68 /* CSCategory.h */,
				1ECF7D961914115900D70F68 /* CSCategory.m */,
				1ECF7D981914115A00D70F68 /* CSContent.h */,
				1ECF7D991914115A00D70F68 /* CSContent.m */,
			);
			name = "CoreData Stuff";
			sourceTree = "<group>";
		};
		1E563F5918FACFE6009644E5 /* splash */ = {
			isa = PBXGroup;
			children = (
				1E41CBA619002C7700945BE0 /* cs_splash_small.png */,
				1E563F5A18FACFF2009644E5 /* Default.png */,
				1E563F5B18FACFF2009644E5 /* Default~iphone.png */,
				1E563F5C18FACFF2009644E5 /* Default-568h@2x.png */,
			);
			name = splash;
			sourceTree = "<group>";
		};
		1E58AF8118A540A300E28EAA = {
			isa = PBXGroup;
			children = (
				1E41CBAC19002E0400945BE0 /* Images.xcassets */,
				1E58AF9318A540A300E28EAA /* Clean & Sober Toolbox */,
				1E58AFB518A540A300E28EAA /* Clean & Sober ToolboxTests */,
				1E58AF8B18A540A300E28EAA /* Products */,
				C38F448F7E6B171694A0274A /* Pods */,
				B5AAC4F35F43B99C3AACF940 /* Frameworks */,
			);
			sourceTree = "<group>";
		};
		1E58AF8B18A540A300E28EAA /* Products */ = {
			isa = PBXGroup;
			children = (
				1E58AF8A18A540A300E28EAA /* Sobertool.app */,
				1E58AFAE18A540A300E28EAA /* Clean & Sober ToolboxTests.xctest */,
			);
			name = Products;
			sourceTree = "<group>";
		};
		1E58AF9318A540A300E28EAA /* Clean & Sober Toolbox */ = {
			isa = PBXGroup;
			children = (
				1E04D3BF18ADDAAF00BC81FC /* CoreData Stuff */,
				1E04D3AF18ADD63C00BC81FC /* ViewControllers */,
				1E04D3A718ADCBA300BC81FC /* Utility */,
				1E04D3A418ADC63D00BC81FC /* static content */,
				1E58AF9C18A540A300E28EAA /* CSAppDelegate.h */,
				1E58AF9D18A540A300E28EAA /* CSAppDelegate.m */,
				1E58AF9F18A540A300E28EAA /* Main_iPhone.storyboard */,
				1E58AFA818A540A300E28EAA /* Images.xcassets */,
				1E58AF9418A540A300E28EAA /* Supporting Files */,
			);
			path = "Clean & Sober Toolbox";
			sourceTree = "<group>";
		};
		1E58AF9418A540A300E28EAA /* Supporting Files */ = {
			isa = PBXGroup;
			children = (
				1E58AF9518A540A300E28EAA /* Clean & Sober Toolbox-Info.plist */,
				1E58AF9618A540A300E28EAA /* InfoPlist.strings */,
				1E58AF9918A540A300E28EAA /* main.m */,
				1E58AF9B18A540A300E28EAA /* Clean & Sober Toolbox-Prefix.pch */,
			);
			name = "Supporting Files";
			sourceTree = "<group>";
		};
		1E58AFB518A540A300E28EAA /* Clean & Sober ToolboxTests */ = {
			isa = PBXGroup;
			children = (
				1E58AFBB18A540A300E28EAA /* Clean___Sober_ToolboxTests.m */,
				1E58AFB618A540A300E28EAA /* Supporting Files */,
			);
			path = "Clean & Sober ToolboxTests";
			sourceTree = "<group>";
		};
		1E58AFB618A540A300E28EAA /* Supporting Files */ = {
			isa = PBXGroup;
			children = (
				1E58AFB718A540A300E28EAA /* Clean & Sober ToolboxTests-Info.plist */,
				1E58AFB818A540A300E28EAA /* InfoPlist.strings */,
			);
			name = "Supporting Files";
			sourceTree = "<group>";
		};
		1EA131E218F9EC46000B3C94 /* icons */ = {
			isa = PBXGroup;
			children = (
				1E41CBAA19002D2700945BE0 /* appicon_crop_29.png */,
				1E41CBA819002D0B00945BE0 /* appicon_crop_58.png */,
				1E41CBA419002BED00945BE0 /* appicon_crop_80.png */,
				1E3F34C818FB400700CA61A8 /* appicon_crop_57.png */,
				1E3F34C918FB400700CA61A8 /* appicon_crop_72.png */,
				1E3F34CA18FB400700CA61A8 /* appicon_crop_76.png */,
				1E3F34CB18FB400700CA61A8 /* appicon_crop_114.png */,
				1E3F34CC18FB400700CA61A8 /* appicon_crop_120.png */,
				1E3F34CD18FB400700CA61A8 /* appicon_crop_144.png */,
			);
			name = icons;
			sourceTree = "<group>";
		};
		1ED7DE571A11B40700D82F63 /* jsonfiles */ = {
			isa = PBXGroup;
			children = (
				1ED7DE581A11B40700D82F63 /* about.json */,
				1ED7DE591A11B40700D82F63 /* categories.json */,
				1ED7DE5A1A11B40700D82F63 /* disclaimer.json */,
				1ED7DE5B1A11B40700D82F63 /* help.json */,
				1ED7DE5C1A11B40700D82F63 /* messages.json */,
			);
			path = jsonfiles;
			sourceTree = SOURCE_ROOT;
		};
		1EDC5FE218B9C06600826A52 /* Menu */ = {
			isa = PBXGroup;
			children = (
				1E04D3B018ADD65900BC81FC /* CSMenuViewController.h */,
				1E04D3B118ADD65900BC81FC /* CSMenuViewController.m */,
				1EDC5FD618B9B57600826A52 /* CSDonateViewController.h */,
				1EDC5FD718B9B57600826A52 /* CSDonateViewController.m */,
				1EDC5FDC18B9BA1800826A52 /* CSPsychologyViewController.h */,
				1EDC5FDD18B9BA1800826A52 /* CSPsychologyViewController.m */,
				1EDC5FDF18B9BFAC00826A52 /* CSDisclaimerViewController.h */,
				1EDC5FE018B9BFAC00826A52 /* CSDisclaimerViewController.m */,
				1EF1FD3F18F31AF1003DA04C /* CSRewardsViewController.h */,
				1EF1FD4018F31AF1003DA04C /* CSRewardsViewController.m */,
				1EF8DF13192D982900ADC204 /* CSWebViewController.h */,
				1EF8DF14192D982900ADC204 /* CSWebViewController.m */,
			);
			name = Menu;
			sourceTree = "<group>";
		};
		1EF1FD4218F3374C003DA04C /* art */ = {
			isa = PBXGroup;
			children = (
				1E563F5918FACFE6009644E5 /* splash */,
				1EA131F118FA4E48000B3C94 /* yearcert.png */,
				1EA131E218F9EC46000B3C94 /* icons */,
				1EF1FD4318F33753003DA04C /* coinyear.png */,
				1EF1FD4418F33753003DA04C /* coin9month.png */,
				1EF1FD4518F33753003DA04C /* coin6month.png */,
				1EF1FD4618F33753003DA04C /* coin90.png */,
				1EF1FD4718F33753003DA04C /* coin60.png */,
				1EF1FD4818F33753003DA04C /* coin30.png */,
				1EF1FD4918F33753003DA04C /* coin7.png */,
			);
			name = art;
			sourceTree = "<group>";
		};
		B5AAC4F35F43B99C3AACF940 /* Frameworks */ = {
			isa = PBXGroup;
			children = (
				C80B3B16DED89E64110E0BC4 /* Pods_Clean___Sober_ToolboxTests.framework */,
				368C182D7AE120AA6AD9F402 /* Pods_Sober_Tool.framework */,
			);
			name = Frameworks;
			sourceTree = "<group>";
		};
		C38F448F7E6B171694A0274A /* Pods */ = {
			isa = PBXGroup;
			children = (
				925B1CD318E56D1D8EF2B913 /* Pods-Clean & Sober ToolboxTests.debug.xcconfig */,
				2DED28D77CAA24A9397AAC1A /* Pods-Clean & Sober ToolboxTests.release.xcconfig */,
				E2F3CFEB86B17BDE01F9FBE4 /* Pods-Sober Tool.debug.xcconfig */,
				BE7EB1BC152F652D2CDC1E4F /* Pods-Sober Tool.release.xcconfig */,
			);
			name = Pods;
			sourceTree = "<group>";
		};
/* End PBXGroup section */

/* Begin PBXNativeTarget section */
		1E58AF8918A540A300E28EAA /* Sober Tool */ = {
			isa = PBXNativeTarget;
			buildConfigurationList = 1E58AFBF18A540A300E28EAA /* Build configuration list for PBXNativeTarget "Sober Tool" */;
			buildPhases = (
				B20ABCDA8B48BB0ABFE4A847 /* [CP] Check Pods Manifest.lock */,
				1E58AF8618A540A300E28EAA /* Sources */,
				1E58AF8718A540A300E28EAA /* Frameworks */,
				1E58AF8818A540A300E28EAA /* Resources */,
				11EA214C02FCBCD7EE33F320 /* [CP] Embed Pods Frameworks */,
				BD65081C7F7AFBDCCEA1AB4C /* [CP] Copy Pods Resources */,
			);
			buildRules = (
			);
			dependencies = (
			);
			name = "Sober Tool";
			productName = "Clean & Sober Toolbox";
			productReference = 1E58AF8A18A540A300E28EAA /* Sobertool.app */;
			productType = "com.apple.product-type.application";
		};
		1E58AFAD18A540A300E28EAA /* Clean & Sober ToolboxTests */ = {
			isa = PBXNativeTarget;
			buildConfigurationList = 1E58AFC218A540A300E28EAA /* Build configuration list for PBXNativeTarget "Clean & Sober ToolboxTests" */;
			buildPhases = (
				5E8E0F3334B2C14A99B35C8C /* [CP] Check Pods Manifest.lock */,
				1E58AFAA18A540A300E28EAA /* Sources */,
				1E58AFAB18A540A300E28EAA /* Frameworks */,
				1E58AFAC18A540A300E28EAA /* Resources */,
				D4ED48DE4F84109944CDC67B /* [CP] Embed Pods Frameworks */,
				B14BFFC277E22660A3CEE7C2 /* [CP] Copy Pods Resources */,
			);
			buildRules = (
			);
			dependencies = (
				1E58AFB418A540A300E28EAA /* PBXTargetDependency */,
			);
			name = "Clean & Sober ToolboxTests";
			productName = "Clean & Sober ToolboxTests";
			productReference = 1E58AFAE18A540A300E28EAA /* Clean & Sober ToolboxTests.xctest */;
			productType = "com.apple.product-type.bundle.unit-test";
		};
/* End PBXNativeTarget section */

/* Begin PBXProject section */
		1E58AF8218A540A300E28EAA /* Project object */ = {
			isa = PBXProject;
			attributes = {
				CLASSPREFIX = CS;
				LastUpgradeCheck = 0810;
				ORGANIZATIONNAME = "Tyler Hugenberg";
				TargetAttributes = {
					1E58AF8918A540A300E28EAA = {
						DevelopmentTeam = 43243LS7SC;
					};
					1E58AFAD18A540A300E28EAA = {
						TestTargetID = 1E58AF8918A540A300E28EAA;
					};
				};
			};
			buildConfigurationList = 1E58AF8518A540A300E28EAA /* Build configuration list for PBXProject "Clean & Sober Toolbox" */;
			compatibilityVersion = "Xcode 3.2";
			developmentRegion = English;
			hasScannedForEncodings = 0;
			knownRegions = (
				en,
				Base,
			);
			mainGroup = 1E58AF8118A540A300E28EAA;
			productRefGroup = 1E58AF8B18A540A300E28EAA /* Products */;
			projectDirPath = "";
			projectRoot = "";
			targets = (
				1E58AF8918A540A300E28EAA /* Sober Tool */,
				1E58AFAD18A540A300E28EAA /* Clean & Sober ToolboxTests */,
			);
		};
/* End PBXProject section */

/* Begin PBXResourcesBuildPhase section */
		1E58AF8818A540A300E28EAA /* Resources */ = {
			isa = PBXResourcesBuildPhase;
			buildActionMask = 2147483647;
			files = (
				1ED7DE601A11B40700D82F63 /* help.json in Resources */,
				1E41CBA519002BED00945BE0 /* appicon_crop_80.png in Resources */,
				1ED7DE5E1A11B40700D82F63 /* categories.json in Resources */,
				1EF1FD4E18F33753003DA04C /* coin60.png in Resources */,
				1E41CBAB19002D2700945BE0 /* appicon_crop_29.png in Resources */,
				1E563F5D18FACFF2009644E5 /* Default.png in Resources */,
				1EF1FD4F18F33753003DA04C /* coin30.png in Resources */,
				1EF1FD5018F33753003DA04C /* coin7.png in Resources */,
				1EF1FD4B18F33753003DA04C /* coin9month.png in Resources */,
				1ED7DE5F1A11B40700D82F63 /* disclaimer.json in Resources */,
				1E3F34D018FB400700CA61A8 /* appicon_crop_72.png in Resources */,
				1ED7DE611A11B40700D82F63 /* messages.json in Resources */,
				1E58AFA918A540A300E28EAA /* Images.xcassets in Resources */,
				1EA131F218FA4E48000B3C94 /* yearcert.png in Resources */,
				1EF1FD4A18F33753003DA04C /* coinyear.png in Resources */,
				1E41CBA919002D0B00945BE0 /* appicon_crop_58.png in Resources */,
				1E563F5E18FACFF2009644E5 /* Default~iphone.png in Resources */,
				1EF1FD4D18F33753003DA04C /* coin90.png in Resources */,
				1EF1FD4C18F33753003DA04C /* coin6month.png in Resources */,
				1E563F5F18FACFF2009644E5 /* Default-568h@2x.png in Resources */,
				1E58AF9818A540A300E28EAA /* InfoPlist.strings in Resources */,
				1E41CBA719002C7700945BE0 /* cs_splash_small.png in Resources */,
				1E41CBAD19002E0400945BE0 /* Images.xcassets in Resources */,
				1E3F34D218FB400700CA61A8 /* appicon_crop_114.png in Resources */,
				1E3F34D418FB400700CA61A8 /* appicon_crop_144.png in Resources */,
				1E3F34D318FB400700CA61A8 /* appicon_crop_120.png in Resources */,
				1E3F34D118FB400700CA61A8 /* appicon_crop_76.png in Resources */,
				1ED7DE5D1A11B40700D82F63 /* about.json in Resources */,
				1E3F34C518FAEA0000CA61A8 /* Main_iPhone.storyboard in Resources */,
				1E3F34CF18FB400700CA61A8 /* appicon_crop_57.png in Resources */,
			);
			runOnlyForDeploymentPostprocessing = 0;
		};
		1E58AFAC18A540A300E28EAA /* Resources */ = {
			isa = PBXResourcesBuildPhase;
			buildActionMask = 2147483647;
			files = (
				1E58AFBA18A540A300E28EAA /* InfoPlist.strings in Resources */,
			);
			runOnlyForDeploymentPostprocessing = 0;
		};
/* End PBXResourcesBuildPhase section */

/* Begin PBXShellScriptBuildPhase section */
		11EA214C02FCBCD7EE33F320 /* [CP] Embed Pods Frameworks */ = {
			isa = PBXShellScriptBuildPhase;
			buildActionMask = 2147483647;
			files = (
			);
			inputPaths = (
			);
			name = "[CP] Embed Pods Frameworks";
			outputPaths = (
			);
			runOnlyForDeploymentPostprocessing = 0;
			shellPath = /bin/sh;
			shellScript = "\"${SRCROOT}/Pods/Target Support Files/Pods-Sober Tool/Pods-Sober Tool-frameworks.sh\"\n";
			showEnvVarsInLog = 0;
		};
		5E8E0F3334B2C14A99B35C8C /* [CP] Check Pods Manifest.lock */ = {
			isa = PBXShellScriptBuildPhase;
			buildActionMask = 2147483647;
			files = (
			);
			inputPaths = (
			);
			name = "[CP] Check Pods Manifest.lock";
			outputPaths = (
			);
			runOnlyForDeploymentPostprocessing = 0;
			shellPath = /bin/sh;
			shellScript = "diff \"${PODS_ROOT}/../Podfile.lock\" \"${PODS_ROOT}/Manifest.lock\" > /dev/null\nif [ $? != 0 ] ; then\n    # print error to STDERR\n    echo \"error: The sandbox is not in sync with the Podfile.lock. Run 'pod install' or update your CocoaPods installation.\" >&2\n    exit 1\nfi\n";
			showEnvVarsInLog = 0;
		};
		B14BFFC277E22660A3CEE7C2 /* [CP] Copy Pods Resources */ = {
			isa = PBXShellScriptBuildPhase;
			buildActionMask = 2147483647;
			files = (
			);
			inputPaths = (
			);
			name = "[CP] Copy Pods Resources";
			outputPaths = (
			);
			runOnlyForDeploymentPostprocessing = 0;
			shellPath = /bin/sh;
			shellScript = "\"${SRCROOT}/Pods/Target Support Files/Pods-Clean & Sober ToolboxTests/Pods-Clean & Sober ToolboxTests-resources.sh\"\n";
			showEnvVarsInLog = 0;
		};
		B20ABCDA8B48BB0ABFE4A847 /* [CP] Check Pods Manifest.lock */ = {
			isa = PBXShellScriptBuildPhase;
			buildActionMask = 2147483647;
			files = (
			);
			inputPaths = (
			);
			name = "[CP] Check Pods Manifest.lock";
			outputPaths = (
			);
			runOnlyForDeploymentPostprocessing = 0;
			shellPath = /bin/sh;
			shellScript = "diff \"${PODS_ROOT}/../Podfile.lock\" \"${PODS_ROOT}/Manifest.lock\" > /dev/null\nif [ $? != 0 ] ; then\n    # print error to STDERR\n    echo \"error: The sandbox is not in sync with the Podfile.lock. Run 'pod install' or update your CocoaPods installation.\" >&2\n    exit 1\nfi\n";
			showEnvVarsInLog = 0;
		};
		BD65081C7F7AFBDCCEA1AB4C /* [CP] Copy Pods Resources */ = {
			isa = PBXShellScriptBuildPhase;
			buildActionMask = 2147483647;
			files = (
			);
			inputPaths = (
			);
			name = "[CP] Copy Pods Resources";
			outputPaths = (
			);
			runOnlyForDeploymentPostprocessing = 0;
			shellPath = /bin/sh;
			shellScript = "\"${SRCROOT}/Pods/Target Support Files/Pods-Sober Tool/Pods-Sober Tool-resources.sh\"\n";
			showEnvVarsInLog = 0;
		};
		D4ED48DE4F84109944CDC67B /* [CP] Embed Pods Frameworks */ = {
			isa = PBXShellScriptBuildPhase;
			buildActionMask = 2147483647;
			files = (
			);
			inputPaths = (
			);
			name = "[CP] Embed Pods Frameworks";
			outputPaths = (
			);
			runOnlyForDeploymentPostprocessing = 0;
			shellPath = /bin/sh;
			shellScript = "\"${SRCROOT}/Pods/Target Support Files/Pods-Clean & Sober ToolboxTests/Pods-Clean & Sober ToolboxTests-frameworks.sh\"\n";
			showEnvVarsInLog = 0;
		};
/* End PBXShellScriptBuildPhase section */

/* Begin PBXSourcesBuildPhase section */
		1E58AF8618A540A300E28EAA /* Sources */ = {
			isa = PBXSourcesBuildPhase;
			buildActionMask = 2147483647;
			files = (
				1ECF7D971914115900D70F68 /* CSCategory.m in Sources */,
				1E04D3DC18ADECE400BC81FC /* CSContentViewController.m in Sources */,
				1E3377A918ADBCA80052DEAA /* CSCategoryListController.m in Sources */,
				1EF8DF15192D982900ADC204 /* CSWebViewController.m in Sources */,
				1E04D3B218ADD65900BC81FC /* CSMenuViewController.m in Sources */,
				1E58AF9E18A540A300E28EAA /* CSAppDelegate.m in Sources */,
				1ECF7D941914115900D70F68 /* User.m in Sources */,
				1EDC5FE118B9BFAC00826A52 /* CSDisclaimerViewController.m in Sources */,
				1E04D3AA18ADCBC200BC81FC /* CSUtilities.m in Sources */,
				1E04D3AD18ADD15000BC81FC /* ContentModel.xcdatamodeld in Sources */,
				1E58AF9A18A540A300E28EAA /* main.m in Sources */,
				1EDC5FDE18B9BA1800826A52 /* CSPsychologyViewController.m in Sources */,
				1EDC5FD818B9B57600826A52 /* CSDonateViewController.m in Sources */,
				1ECF7D9A1914115A00D70F68 /* CSContent.m in Sources */,
				1E4C461118FE04D30074850E /* NSDictionary+NotNull.m in Sources */,
				1EF1FD4118F31AF1003DA04C /* CSRewardsViewController.m in Sources */,
			);
			runOnlyForDeploymentPostprocessing = 0;
		};
		1E58AFAA18A540A300E28EAA /* Sources */ = {
			isa = PBXSourcesBuildPhase;
			buildActionMask = 2147483647;
			files = (
				1E58AFBC18A540A300E28EAA /* Clean___Sober_ToolboxTests.m in Sources */,
			);
			runOnlyForDeploymentPostprocessing = 0;
		};
/* End PBXSourcesBuildPhase section */

/* Begin PBXTargetDependency section */
		1E58AFB418A540A300E28EAA /* PBXTargetDependency */ = {
			isa = PBXTargetDependency;
			target = 1E58AF8918A540A300E28EAA /* Sober Tool */;
			targetProxy = 1E58AFB318A540A300E28EAA /* PBXContainerItemProxy */;
		};
/* End PBXTargetDependency section */

/* Begin PBXVariantGroup section */
		1E58AF9618A540A300E28EAA /* InfoPlist.strings */ = {
			isa = PBXVariantGroup;
			children = (
				1E58AF9718A540A300E28EAA /* en */,
			);
			name = InfoPlist.strings;
			sourceTree = "<group>";
		};
		1E58AF9F18A540A300E28EAA /* Main_iPhone.storyboard */ = {
			isa = PBXVariantGroup;
			children = (
				1E58AFA018A540A300E28EAA /* Base */,
			);
			name = Main_iPhone.storyboard;
			sourceTree = "<group>";
		};
		1E58AFB818A540A300E28EAA /* InfoPlist.strings */ = {
			isa = PBXVariantGroup;
			children = (
				1E58AFB918A540A300E28EAA /* en */,
			);
			name = InfoPlist.strings;
			sourceTree = "<group>";
		};
/* End PBXVariantGroup section */

/* Begin XCBuildConfiguration section */
		1E58AFBD18A540A300E28EAA /* Debug */ = {
			isa = XCBuildConfiguration;
			buildSettings = {
				ALWAYS_SEARCH_USER_PATHS = NO;
				CLANG_CXX_LANGUAGE_STANDARD = "gnu++0x";
				CLANG_CXX_LIBRARY = "libc++";
				CLANG_ENABLE_MODULES = YES;
				CLANG_ENABLE_OBJC_ARC = YES;
				CLANG_WARN_BOOL_CONVERSION = YES;
				CLANG_WARN_CONSTANT_CONVERSION = YES;
				CLANG_WARN_DIRECT_OBJC_ISA_USAGE = YES_ERROR;
				CLANG_WARN_EMPTY_BODY = YES;
				CLANG_WARN_ENUM_CONVERSION = YES;
				CLANG_WARN_INFINITE_RECURSION = YES;
				CLANG_WARN_INT_CONVERSION = YES;
				CLANG_WARN_OBJC_ROOT_CLASS = YES_ERROR;
				CLANG_WARN_SUSPICIOUS_MOVE = YES;
				CLANG_WARN_UNREACHABLE_CODE = YES;
				CLANG_WARN__DUPLICATE_METHOD_MATCH = YES;
				"CODE_SIGN_IDENTITY[sdk=iphoneos*]" = "iPhone Developer";
				COPY_PHASE_STRIP = NO;
				ENABLE_STRICT_OBJC_MSGSEND = YES;
				ENABLE_TESTABILITY = YES;
				GCC_C_LANGUAGE_STANDARD = gnu99;
				GCC_DYNAMIC_NO_PIC = NO;
				GCC_NO_COMMON_BLOCKS = YES;
				GCC_OPTIMIZATION_LEVEL = 0;
				GCC_PREPROCESSOR_DEFINITIONS = (
					"DEBUG=1",
					"$(inherited)",
				);
				GCC_SYMBOLS_PRIVATE_EXTERN = NO;
				GCC_WARN_64_TO_32_BIT_CONVERSION = YES;
				GCC_WARN_ABOUT_RETURN_TYPE = YES_ERROR;
				GCC_WARN_UNDECLARED_SELECTOR = YES;
				GCC_WARN_UNINITIALIZED_AUTOS = YES;
				GCC_WARN_UNUSED_FUNCTION = YES;
				GCC_WARN_UNUSED_VARIABLE = YES;
				IPHONEOS_DEPLOYMENT_TARGET = 8.0;
				ONLY_ACTIVE_ARCH = YES;
				SDKROOT = iphoneos;
				TARGETED_DEVICE_FAMILY = "1,2";
			};
			name = Debug;
		};
		1E58AFBE18A540A300E28EAA /* Release */ = {
			isa = XCBuildConfiguration;
			buildSettings = {
				ALWAYS_SEARCH_USER_PATHS = NO;
				CLANG_CXX_LANGUAGE_STANDARD = "gnu++0x";
				CLANG_CXX_LIBRARY = "libc++";
				CLANG_ENABLE_MODULES = YES;
				CLANG_ENABLE_OBJC_ARC = YES;
				CLANG_WARN_BOOL_CONVERSION = YES;
				CLANG_WARN_CONSTANT_CONVERSION = YES;
				CLANG_WARN_DIRECT_OBJC_ISA_USAGE = YES_ERROR;
				CLANG_WARN_EMPTY_BODY = YES;
				CLANG_WARN_ENUM_CONVERSION = YES;
				CLANG_WARN_INFINITE_RECURSION = YES;
				CLANG_WARN_INT_CONVERSION = YES;
				CLANG_WARN_OBJC_ROOT_CLASS = YES_ERROR;
				CLANG_WARN_SUSPICIOUS_MOVE = YES;
				CLANG_WARN_UNREACHABLE_CODE = YES;
				CLANG_WARN__DUPLICATE_METHOD_MATCH = YES;
				"CODE_SIGN_IDENTITY[sdk=iphoneos*]" = "iPhone Developer";
				COPY_PHASE_STRIP = YES;
				ENABLE_NS_ASSERTIONS = NO;
				ENABLE_STRICT_OBJC_MSGSEND = YES;
				GCC_C_LANGUAGE_STANDARD = gnu99;
				GCC_NO_COMMON_BLOCKS = YES;
				GCC_WARN_64_TO_32_BIT_CONVERSION = YES;
				GCC_WARN_ABOUT_RETURN_TYPE = YES_ERROR;
				GCC_WARN_UNDECLARED_SELECTOR = YES;
				GCC_WARN_UNINITIALIZED_AUTOS = YES;
				GCC_WARN_UNUSED_FUNCTION = YES;
				GCC_WARN_UNUSED_VARIABLE = YES;
				IPHONEOS_DEPLOYMENT_TARGET = 8.0;
				SDKROOT = iphoneos;
				TARGETED_DEVICE_FAMILY = "1,2";
				VALIDATE_PRODUCT = YES;
			};
			name = Release;
		};
		1E58AFC018A540A300E28EAA /* Debug */ = {
			isa = XCBuildConfiguration;
			baseConfigurationReference = E2F3CFEB86B17BDE01F9FBE4 /* Pods-Sober Tool.debug.xcconfig */;
			buildSettings = {
				ASSETCATALOG_COMPILER_APPICON_NAME = "AppIcon-1";
				ASSETCATALOG_COMPILER_LAUNCHIMAGE_NAME = "LaunchImage-1";
				CODE_SIGN_IDENTITY = "iPhone Developer";
				"CODE_SIGN_IDENTITY[sdk=iphoneos*]" = "iPhone Developer";
				FRAMEWORK_SEARCH_PATHS = (
					"$(inherited)",
					"$(PROJECT_DIR)",
				);
				GCC_PRECOMPILE_PREFIX_HEADER = YES;
				GCC_PREFIX_HEADER = "Clean & Sober Toolbox/Clean & Sober Toolbox-Prefix.pch";
				INFOPLIST_FILE = "Clean & Sober Toolbox/Clean & Sober Toolbox-Info.plist";
				IPHONEOS_DEPLOYMENT_TARGET = 8.0;
				LIBRARY_SEARCH_PATHS = (
					"$(inherited)",
					"$(PROJECT_DIR)/PayPalMobile",
					"$(PROJECT_DIR)/Clean",
					"&",
					Sober,
					Toolbox/PayPalMobile,
					"$(PROJECT_DIR)/Clean",
					"&",
					Sober,
					Toolbox/PayPalMobile,
				);
				OTHER_LDFLAGS = (
					"-ObjC",
					"-framework",
					CFNetwork,
					"-framework",
					CoreData,
					"-framework",
					CoreGraphics,
					"-framework",
					MobileCoreServices,
					"-framework",
					Security,
					"-framework",
					SystemConfiguration,
					"-lc++",
					"$(inherited)",
				);
				OTHER_LIBTOOLFLAGS = "$(inherited)";
				PRODUCT_BUNDLE_IDENTIFIER = com.osu.cleanandsober;
				PRODUCT_NAME = Sobertool;
				PROVISIONING_PROFILE = "";
				TARGETED_DEVICE_FAMILY = "1,2";
				WRAPPER_EXTENSION = app;
			};
			name = Debug;
		};
		1E58AFC118A540A300E28EAA /* Release */ = {
			isa = XCBuildConfiguration;
			baseConfigurationReference = BE7EB1BC152F652D2CDC1E4F /* Pods-Sober Tool.release.xcconfig */;
			buildSettings = {
				ASSETCATALOG_COMPILER_APPICON_NAME = "AppIcon-1";
				ASSETCATALOG_COMPILER_LAUNCHIMAGE_NAME = "LaunchImage-1";
				CODE_SIGN_IDENTITY = "iPhone Developer";
				"CODE_SIGN_IDENTITY[sdk=iphoneos*]" = "iPhone Developer";
				FRAMEWORK_SEARCH_PATHS = (
					"$(inherited)",
					"$(PROJECT_DIR)",
				);
				GCC_PRECOMPILE_PREFIX_HEADER = YES;
				GCC_PREFIX_HEADER = "Clean & Sober Toolbox/Clean & Sober Toolbox-Prefix.pch";
				INFOPLIST_FILE = "Clean & Sober Toolbox/Clean & Sober Toolbox-Info.plist";
				IPHONEOS_DEPLOYMENT_TARGET = 8.0;
				LIBRARY_SEARCH_PATHS = (
					"$(inherited)",
					"$(PROJECT_DIR)/PayPalMobile",
					"$(PROJECT_DIR)/Clean",
					"&",
					Sober,
					Toolbox/PayPalMobile,
					"$(PROJECT_DIR)/Clean",
					"&",
					Sober,
					Toolbox/PayPalMobile,
				);
				OTHER_LDFLAGS = (
					"-ObjC",
					"-framework",
					CFNetwork,
					"-framework",
					CoreData,
					"-framework",
					CoreGraphics,
					"-framework",
					MobileCoreServices,
					"-framework",
					Security,
					"-framework",
					SystemConfiguration,
					"-lc++",
					"$(inherited)",
				);
				OTHER_LIBTOOLFLAGS = "$(inherited)";
				PRODUCT_BUNDLE_IDENTIFIER = com.osu.cleanandsober;
				PRODUCT_NAME = Sobertool;
				PROVISIONING_PROFILE = "";
				TARGETED_DEVICE_FAMILY = "1,2";
				WRAPPER_EXTENSION = app;
			};
			name = Release;
		};
		1E58AFC318A540A300E28EAA /* Debug */ = {
			isa = XCBuildConfiguration;
			baseConfigurationReference = 925B1CD318E56D1D8EF2B913 /* Pods-Clean & Sober ToolboxTests.debug.xcconfig */;
			buildSettings = {
				BUNDLE_LOADER = "$(BUILT_PRODUCTS_DIR)/Clean & Sober Toolbox.app/Clean & Sober Toolbox";
				FRAMEWORK_SEARCH_PATHS = (
					"$(SDKROOT)/Developer/Library/Frameworks",
					"$(inherited)",
					"$(DEVELOPER_FRAMEWORKS_DIR)",
				);
				GCC_PRECOMPILE_PREFIX_HEADER = YES;
				GCC_PREFIX_HEADER = "Clean & Sober Toolbox/Clean & Sober Toolbox-Prefix.pch";
				GCC_PREPROCESSOR_DEFINITIONS = (
					"DEBUG=1",
					"$(inherited)",
				);
				INFOPLIST_FILE = "Clean & Sober ToolboxTests/Clean & Sober ToolboxTests-Info.plist";
				PRODUCT_BUNDLE_IDENTIFIER = "com.osu.cleanandsober.${PRODUCT_NAME:rfc1034identifier}";
				PRODUCT_NAME = "$(TARGET_NAME)";
				TEST_HOST = "$(BUNDLE_LOADER)";
				WRAPPER_EXTENSION = xctest;
			};
			name = Debug;
		};
		1E58AFC418A540A300E28EAA /* Release */ = {
			isa = XCBuildConfiguration;
			baseConfigurationReference = 2DED28D77CAA24A9397AAC1A /* Pods-Clean & Sober ToolboxTests.release.xcconfig */;
			buildSettings = {
				BUNDLE_LOADER = "$(BUILT_PRODUCTS_DIR)/Clean & Sober Toolbox.app/Clean & Sober Toolbox";
				FRAMEWORK_SEARCH_PATHS = (
					"$(SDKROOT)/Developer/Library/Frameworks",
					"$(inherited)",
					"$(DEVELOPER_FRAMEWORKS_DIR)",
				);
				GCC_PRECOMPILE_PREFIX_HEADER = YES;
				GCC_PREFIX_HEADER = "Clean & Sober Toolbox/Clean & Sober Toolbox-Prefix.pch";
				INFOPLIST_FILE = "Clean & Sober ToolboxTests/Clean & Sober ToolboxTests-Info.plist";
				PRODUCT_BUNDLE_IDENTIFIER = "com.osu.cleanandsober.${PRODUCT_NAME:rfc1034identifier}";
				PRODUCT_NAME = "$(TARGET_NAME)";
				TEST_HOST = "$(BUNDLE_LOADER)";
				WRAPPER_EXTENSION = xctest;
			};
			name = Release;
		};
/* End XCBuildConfiguration section */

/* Begin XCConfigurationList section */
		1E58AF8518A540A300E28EAA /* Build configuration list for PBXProject "Clean & Sober Toolbox" */ = {
			isa = XCConfigurationList;
			buildConfigurations = (
				1E58AFBD18A540A300E28EAA /* Debug */,
				1E58AFBE18A540A300E28EAA /* Release */,
			);
			defaultConfigurationIsVisible = 0;
			defaultConfigurationName = Release;
		};
		1E58AFBF18A540A300E28EAA /* Build configuration list for PBXNativeTarget "Sober Tool" */ = {
			isa = XCConfigurationList;
			buildConfigurations = (
				1E58AFC018A540A300E28EAA /* Debug */,
				1E58AFC118A540A300E28EAA /* Release */,
			);
			defaultConfigurationIsVisible = 0;
			defaultConfigurationName = Release;
		};
		1E58AFC218A540A300E28EAA /* Build configuration list for PBXNativeTarget "Clean & Sober ToolboxTests" */ = {
			isa = XCConfigurationList;
			buildConfigurations = (
				1E58AFC318A540A300E28EAA /* Debug */,
				1E58AFC418A540A300E28EAA /* Release */,
			);
			defaultConfigurationIsVisible = 0;
			defaultConfigurationName = Release;
		};
/* End XCConfigurationList section */

/* Begin XCVersionGroup section */
		1E04D3AB18ADD15000BC81FC /* ContentModel.xcdatamodeld */ = {
			isa = XCVersionGroup;
			children = (
				1E04D3AC18ADD15000BC81FC /* ContentModel.xcdatamodel */,
			);
			currentVersion = 1E04D3AC18ADD15000BC81FC /* ContentModel.xcdatamodel */;
			path = ContentModel.xcdatamodeld;
			sourceTree = "<group>";
			versionGroupType = wrapper.xcdatamodel;
		};
/* End XCVersionGroup section */
	};
	rootObject = 1E58AF8218A540A300E28EAA /* Project object */;
}
