// !$*UTF8*$!
{
	archiveVersion = 1;
	classes = {
	};
	objectVersion = 46;
	objects = {

/* Begin PBXBuildFile section */
		1E04D3AA18ADCBC200BC81FC /* CSUtilities.m in Sources */ = {isa = PBXBuildFile; fileRef = 1E04D3A918ADCBC200BC81FC /* CSUtilities.m */; };
		1E04D3AD18ADD15000BC81FC /* ContentModel.xcdatamodeld in Sources */ = {isa = PBXBuildFile; fileRef = 1E04D3AB18ADD15000BC81FC /* ContentModel.xcdatamodeld */; };
		1E04D3B218ADD65900BC81FC /* CSMenuViewController.m in Sources */ = {isa = PBXBuildFile; fileRef = 1E04D3B118ADD65900BC81FC /* CSMenuViewController.m */; };
		1E04D3DC18ADECE400BC81FC /* CSContentViewController.m in Sources */ = {isa = PBXBuildFile; fileRef = 1E04D3DB18ADECE400BC81FC /* CSContentViewController.m */; };
		1E272A1C18F5FDCC00D766B0 /* libPayPalMobile.a in Frameworks */ = {isa = PBXBuildFile; fileRef = 1E272A1618F5FDCC00D766B0 /* libPayPalMobile.a */; };
		1E3377A918ADBCA80052DEAA /* CSCategoryListController.m in Sources */ = {isa = PBXBuildFile; fileRef = 1E3377A818ADBCA80052DEAA /* CSCategoryListController.m */; };
		1E3F34C218FADCCB00CA61A8 /* Clean & Sober Toolbox.sqlite in Resources */ = {isa = PBXBuildFile; fileRef = 1E82540D18FAD91200DFBFB6 /* Clean & Sober Toolbox.sqlite */; };
		1E3F34C318FADCCB00CA61A8 /* Clean & Sober Toolbox.sqlite-shm in Resources */ = {isa = PBXBuildFile; fileRef = 1E82540E18FAD91200DFBFB6 /* Clean & Sober Toolbox.sqlite-shm */; };
		1E3F34C418FADCCB00CA61A8 /* Clean & Sober Toolbox.sqlite-wal in Resources */ = {isa = PBXBuildFile; fileRef = 1E82540F18FAD91200DFBFB6 /* Clean & Sober Toolbox.sqlite-wal */; };
		1E3F34C518FAEA0000CA61A8 /* Main_iPhone.storyboard in Resources */ = {isa = PBXBuildFile; fileRef = 1E58AF9F18A540A300E28EAA /* Main_iPhone.storyboard */; };
		1E3F34C618FAEA0000CA61A8 /* Main_iPad.storyboard in Resources */ = {isa = PBXBuildFile; fileRef = 1E58AFA218A540A300E28EAA /* Main_iPad.storyboard */; };
		1E3F34CF18FB400700CA61A8 /* appicon_crop_57.png in Resources */ = {isa = PBXBuildFile; fileRef = 1E3F34C818FB400700CA61A8 /* appicon_crop_57.png */; };
		1E3F34D018FB400700CA61A8 /* appicon_crop_72.png in Resources */ = {isa = PBXBuildFile; fileRef = 1E3F34C918FB400700CA61A8 /* appicon_crop_72.png */; };
		1E3F34D118FB400700CA61A8 /* appicon_crop_76.png in Resources */ = {isa = PBXBuildFile; fileRef = 1E3F34CA18FB400700CA61A8 /* appicon_crop_76.png */; };
		1E3F34D218FB400700CA61A8 /* appicon_crop_114.png in Resources */ = {isa = PBXBuildFile; fileRef = 1E3F34CB18FB400700CA61A8 /* appicon_crop_114.png */; };
		1E3F34D318FB400700CA61A8 /* appicon_crop_120.png in Resources */ = {isa = PBXBuildFile; fileRef = 1E3F34CC18FB400700CA61A8 /* appicon_crop_120.png */; };
		1E3F34D418FB400700CA61A8 /* appicon_crop_144.png in Resources */ = {isa = PBXBuildFile; fileRef = 1E3F34CD18FB400700CA61A8 /* appicon_crop_144.png */; };
		1E3F34D518FB400700CA61A8 /* appicon_crop_152.png in Resources */ = {isa = PBXBuildFile; fileRef = 1E3F34CE18FB400700CA61A8 /* appicon_crop_152.png */; };
		1E563F5D18FACFF2009644E5 /* Default.png in Resources */ = {isa = PBXBuildFile; fileRef = 1E563F5A18FACFF2009644E5 /* Default.png */; };
		1E563F5E18FACFF2009644E5 /* Default~iphone.png in Resources */ = {isa = PBXBuildFile; fileRef = 1E563F5B18FACFF2009644E5 /* Default~iphone.png */; };
		1E563F5F18FACFF2009644E5 /* cs_splash640x1136.png in Resources */ = {isa = PBXBuildFile; fileRef = 1E563F5C18FACFF2009644E5 /* cs_splash640x1136.png */; };
		1E58AF8E18A540A300E28EAA /* Foundation.framework in Frameworks */ = {isa = PBXBuildFile; fileRef = 1E58AF8D18A540A300E28EAA /* Foundation.framework */; };
		1E58AF9018A540A300E28EAA /* CoreGraphics.framework in Frameworks */ = {isa = PBXBuildFile; fileRef = 1E58AF8F18A540A300E28EAA /* CoreGraphics.framework */; };
		1E58AF9218A540A300E28EAA /* UIKit.framework in Frameworks */ = {isa = PBXBuildFile; fileRef = 1E58AF9118A540A300E28EAA /* UIKit.framework */; };
		1E58AF9818A540A300E28EAA /* InfoPlist.strings in Resources */ = {isa = PBXBuildFile; fileRef = 1E58AF9618A540A300E28EAA /* InfoPlist.strings */; };
		1E58AF9A18A540A300E28EAA /* main.m in Sources */ = {isa = PBXBuildFile; fileRef = 1E58AF9918A540A300E28EAA /* main.m */; };
		1E58AF9E18A540A300E28EAA /* CSAppDelegate.m in Sources */ = {isa = PBXBuildFile; fileRef = 1E58AF9D18A540A300E28EAA /* CSAppDelegate.m */; };
		1E58AFA918A540A300E28EAA /* Images.xcassets in Resources */ = {isa = PBXBuildFile; fileRef = 1E58AFA818A540A300E28EAA /* Images.xcassets */; };
		1E58AFB018A540A300E28EAA /* XCTest.framework in Frameworks */ = {isa = PBXBuildFile; fileRef = 1E58AFAF18A540A300E28EAA /* XCTest.framework */; };
		1E58AFB118A540A300E28EAA /* Foundation.framework in Frameworks */ = {isa = PBXBuildFile; fileRef = 1E58AF8D18A540A300E28EAA /* Foundation.framework */; };
		1E58AFB218A540A300E28EAA /* UIKit.framework in Frameworks */ = {isa = PBXBuildFile; fileRef = 1E58AF9118A540A300E28EAA /* UIKit.framework */; };
		1E58AFBA18A540A300E28EAA /* InfoPlist.strings in Resources */ = {isa = PBXBuildFile; fileRef = 1E58AFB818A540A300E28EAA /* InfoPlist.strings */; };
		1E58AFBC18A540A300E28EAA /* Clean___Sober_ToolboxTests.m in Sources */ = {isa = PBXBuildFile; fileRef = 1E58AFBB18A540A300E28EAA /* Clean___Sober_ToolboxTests.m */; };
		1EA131F218FA4E48000B3C94 /* yearcert.png in Resources */ = {isa = PBXBuildFile; fileRef = 1EA131F118FA4E48000B3C94 /* yearcert.png */; };
		1EA41E5B18C5402A00FCE832 /* Florida_2014 in Resources */ = {isa = PBXBuildFile; fileRef = 1EA41E5A18C5402A00FCE832 /* Florida_2014 */; };
		1ED3137C18EC833D00C4A6A1 /* iAd.framework in Frameworks */ = {isa = PBXBuildFile; fileRef = 1ED3137B18EC833D00C4A6A1 /* iAd.framework */; };
		1ED8216D18BFAEA500EFB474 /* CSCategory.m in Sources */ = {isa = PBXBuildFile; fileRef = 1ED8216C18BFAEA500EFB474 /* CSCategory.m */; };
		1ED8217018BFAEA500EFB474 /* CSContent.m in Sources */ = {isa = PBXBuildFile; fileRef = 1ED8216F18BFAEA500EFB474 /* CSContent.m */; };
		1EDC5FD818B9B57600826A52 /* CSDonateViewController.m in Sources */ = {isa = PBXBuildFile; fileRef = 1EDC5FD718B9B57600826A52 /* CSDonateViewController.m */; };
		1EDC5FDE18B9BA1800826A52 /* CSPsychologyViewController.m in Sources */ = {isa = PBXBuildFile; fileRef = 1EDC5FDD18B9BA1800826A52 /* CSPsychologyViewController.m */; };
		1EDC5FE118B9BFAC00826A52 /* CSDisclaimerViewController.m in Sources */ = {isa = PBXBuildFile; fileRef = 1EDC5FE018B9BFAC00826A52 /* CSDisclaimerViewController.m */; };
		1EDE809218E79C6D00A93FBB /* newest_cleaned_data.json in Resources */ = {isa = PBXBuildFile; fileRef = 1EDE809118E79C6D00A93FBB /* newest_cleaned_data.json */; };
		1EF1FD4118F31AF1003DA04C /* CSRewardsViewController.m in Sources */ = {isa = PBXBuildFile; fileRef = 1EF1FD4018F31AF1003DA04C /* CSRewardsViewController.m */; };
		1EF1FD4A18F33753003DA04C /* coinyear.png in Resources */ = {isa = PBXBuildFile; fileRef = 1EF1FD4318F33753003DA04C /* coinyear.png */; };
		1EF1FD4B18F33753003DA04C /* coin9month.png in Resources */ = {isa = PBXBuildFile; fileRef = 1EF1FD4418F33753003DA04C /* coin9month.png */; };
		1EF1FD4C18F33753003DA04C /* coin6month.png in Resources */ = {isa = PBXBuildFile; fileRef = 1EF1FD4518F33753003DA04C /* coin6month.png */; };
		1EF1FD4D18F33753003DA04C /* coin90.png in Resources */ = {isa = PBXBuildFile; fileRef = 1EF1FD4618F33753003DA04C /* coin90.png */; };
		1EF1FD4E18F33753003DA04C /* coin60.png in Resources */ = {isa = PBXBuildFile; fileRef = 1EF1FD4718F33753003DA04C /* coin60.png */; };
		1EF1FD4F18F33753003DA04C /* coin30.png in Resources */ = {isa = PBXBuildFile; fileRef = 1EF1FD4818F33753003DA04C /* coin30.png */; };
		1EF1FD5018F33753003DA04C /* coin7.png in Resources */ = {isa = PBXBuildFile; fileRef = 1EF1FD4918F33753003DA04C /* coin7.png */; };
		1EF1FD5618F351DF003DA04C /* User.m in Sources */ = {isa = PBXBuildFile; fileRef = 1EF1FD5518F351DF003DA04C /* User.m */; };
		1EF1FD5F18F4675F003DA04C /* AVFoundation.framework in Frameworks */ = {isa = PBXBuildFile; fileRef = 1EDE809518E7A5C900A93FBB /* AVFoundation.framework */; };
		1EF1FD6018F46767003DA04C /* SystemConfiguration.framework in Frameworks */ = {isa = PBXBuildFile; fileRef = 1EDE809B18E7A5DD00A93FBB /* SystemConfiguration.framework */; };
		1EF1FD6118F46771003DA04C /* MessageUI.framework in Frameworks */ = {isa = PBXBuildFile; fileRef = 1EDE809918E7A5D600A93FBB /* MessageUI.framework */; };
		1EF1FD6218F46778003DA04C /* CoreLocation.framework in Frameworks */ = {isa = PBXBuildFile; fileRef = 1EDE809718E7A5CE00A93FBB /* CoreLocation.framework */; };
		DCA1EB1CD5B34C3DA8215CA8 /* libPods.a in Frameworks */ = {isa = PBXBuildFile; fileRef = 35D2BB7B7BAF4FD4B4D4D4C9 /* libPods.a */; };
/* End PBXBuildFile section */

/* Begin PBXContainerItemProxy section */
		1E58AFB318A540A300E28EAA /* PBXContainerItemProxy */ = {
			isa = PBXContainerItemProxy;
			containerPortal = 1E58AF8218A540A300E28EAA /* Project object */;
			proxyType = 1;
			remoteGlobalIDString = 1E58AF8918A540A300E28EAA;
			remoteInfo = "Clean & Sober Toolbox";
		};
/* End PBXContainerItemProxy section */

/* Begin PBXFileReference section */
		0A25E65CA4C74E41A76F468B /* Pods.xcconfig */ = {isa = PBXFileReference; includeInIndex = 1; lastKnownFileType = text.xcconfig; name = Pods.xcconfig; path = Pods/Pods.xcconfig; sourceTree = "<group>"; };
		1E04D3A818ADCBC200BC81FC /* CSUtilities.h */ = {isa = PBXFileReference; fileEncoding = 4; lastKnownFileType = sourcecode.c.h; path = CSUtilities.h; sourceTree = "<group>"; };
		1E04D3A918ADCBC200BC81FC /* CSUtilities.m */ = {isa = PBXFileReference; fileEncoding = 4; lastKnownFileType = sourcecode.c.objc; path = CSUtilities.m; sourceTree = "<group>"; };
		1E04D3AC18ADD15000BC81FC /* ContentModel.xcdatamodel */ = {isa = PBXFileReference; lastKnownFileType = wrapper.xcdatamodel; path = ContentModel.xcdatamodel; sourceTree = "<group>"; };
		1E04D3AE18ADD4B300BC81FC /* Constants.h */ = {isa = PBXFileReference; lastKnownFileType = sourcecode.c.h; path = Constants.h; sourceTree = "<group>"; };
		1E04D3B018ADD65900BC81FC /* CSMenuViewController.h */ = {isa = PBXFileReference; fileEncoding = 4; lastKnownFileType = sourcecode.c.h; path = CSMenuViewController.h; sourceTree = "<group>"; };
		1E04D3B118ADD65900BC81FC /* CSMenuViewController.m */ = {isa = PBXFileReference; fileEncoding = 4; lastKnownFileType = sourcecode.c.objc; path = CSMenuViewController.m; sourceTree = "<group>"; };
		1E04D3DA18ADECE400BC81FC /* CSContentViewController.h */ = {isa = PBXFileReference; fileEncoding = 4; lastKnownFileType = sourcecode.c.h; path = CSContentViewController.h; sourceTree = "<group>"; };
		1E04D3DB18ADECE400BC81FC /* CSContentViewController.m */ = {isa = PBXFileReference; fileEncoding = 4; lastKnownFileType = sourcecode.c.objc; path = CSContentViewController.m; sourceTree = "<group>"; };
		1E272A1618F5FDCC00D766B0 /* libPayPalMobile.a */ = {isa = PBXFileReference; lastKnownFileType = archive.ar; path = libPayPalMobile.a; sourceTree = "<group>"; };
		1E272A1718F5FDCC00D766B0 /* PayPalConfiguration.h */ = {isa = PBXFileReference; fileEncoding = 4; lastKnownFileType = sourcecode.c.h; path = PayPalConfiguration.h; sourceTree = "<group>"; };
		1E272A1818F5FDCC00D766B0 /* PayPalFuturePaymentViewController.h */ = {isa = PBXFileReference; fileEncoding = 4; lastKnownFileType = sourcecode.c.h; path = PayPalFuturePaymentViewController.h; sourceTree = "<group>"; };
		1E272A1918F5FDCC00D766B0 /* PayPalMobile.h */ = {isa = PBXFileReference; fileEncoding = 4; lastKnownFileType = sourcecode.c.h; path = PayPalMobile.h; sourceTree = "<group>"; };
		1E272A1A18F5FDCC00D766B0 /* PayPalPayment.h */ = {isa = PBXFileReference; fileEncoding = 4; lastKnownFileType = sourcecode.c.h; path = PayPalPayment.h; sourceTree = "<group>"; };
		1E272A1B18F5FDCC00D766B0 /* PayPalPaymentViewController.h */ = {isa = PBXFileReference; fileEncoding = 4; lastKnownFileType = sourcecode.c.h; path = PayPalPaymentViewController.h; sourceTree = "<group>"; };
		1E3377A718ADBCA80052DEAA /* CSCategoryListController.h */ = {isa = PBXFileReference; fileEncoding = 4; lastKnownFileType = sourcecode.c.h; path = CSCategoryListController.h; sourceTree = "<group>"; };
		1E3377A818ADBCA80052DEAA /* CSCategoryListController.m */ = {isa = PBXFileReference; fileEncoding = 4; lastKnownFileType = sourcecode.c.objc; path = CSCategoryListController.m; sourceTree = "<group>"; };
		1E3F34C818FB400700CA61A8 /* appicon_crop_57.png */ = {isa = PBXFileReference; lastKnownFileType = image.png; path = appicon_crop_57.png; sourceTree = "<group>"; };
		1E3F34C918FB400700CA61A8 /* appicon_crop_72.png */ = {isa = PBXFileReference; lastKnownFileType = image.png; path = appicon_crop_72.png; sourceTree = "<group>"; };
		1E3F34CA18FB400700CA61A8 /* appicon_crop_76.png */ = {isa = PBXFileReference; lastKnownFileType = image.png; path = appicon_crop_76.png; sourceTree = "<group>"; };
		1E3F34CB18FB400700CA61A8 /* appicon_crop_114.png */ = {isa = PBXFileReference; lastKnownFileType = image.png; path = appicon_crop_114.png; sourceTree = "<group>"; };
		1E3F34CC18FB400700CA61A8 /* appicon_crop_120.png */ = {isa = PBXFileReference; lastKnownFileType = image.png; path = appicon_crop_120.png; sourceTree = "<group>"; };
		1E3F34CD18FB400700CA61A8 /* appicon_crop_144.png */ = {isa = PBXFileReference; lastKnownFileType = image.png; path = appicon_crop_144.png; sourceTree = "<group>"; };
		1E3F34CE18FB400700CA61A8 /* appicon_crop_152.png */ = {isa = PBXFileReference; lastKnownFileType = image.png; path = appicon_crop_152.png; sourceTree = "<group>"; };
		1E563F5A18FACFF2009644E5 /* Default.png */ = {isa = PBXFileReference; lastKnownFileType = image.png; path = Default.png; sourceTree = "<group>"; };
		1E563F5B18FACFF2009644E5 /* Default~iphone.png */ = {isa = PBXFileReference; lastKnownFileType = image.png; path = "Default~iphone.png"; sourceTree = "<group>"; };
		1E563F5C18FACFF2009644E5 /* cs_splash640x1136.png */ = {isa = PBXFileReference; lastKnownFileType = image.png; path = cs_splash640x1136.png; sourceTree = "<group>"; };
		1E58AF8A18A540A300E28EAA /* Clean & Sober Toolbox.app */ = {isa = PBXFileReference; explicitFileType = wrapper.application; includeInIndex = 0; path = "Clean & Sober Toolbox.app"; sourceTree = BUILT_PRODUCTS_DIR; };
		1E58AF8D18A540A300E28EAA /* Foundation.framework */ = {isa = PBXFileReference; lastKnownFileType = wrapper.framework; name = Foundation.framework; path = System/Library/Frameworks/Foundation.framework; sourceTree = SDKROOT; };
		1E58AF8F18A540A300E28EAA /* CoreGraphics.framework */ = {isa = PBXFileReference; lastKnownFileType = wrapper.framework; name = CoreGraphics.framework; path = System/Library/Frameworks/CoreGraphics.framework; sourceTree = SDKROOT; };
		1E58AF9118A540A300E28EAA /* UIKit.framework */ = {isa = PBXFileReference; lastKnownFileType = wrapper.framework; name = UIKit.framework; path = System/Library/Frameworks/UIKit.framework; sourceTree = SDKROOT; };
		1E58AF9518A540A300E28EAA /* Clean & Sober Toolbox-Info.plist */ = {isa = PBXFileReference; lastKnownFileType = text.plist.xml; path = "Clean & Sober Toolbox-Info.plist"; sourceTree = "<group>"; };
		1E58AF9718A540A300E28EAA /* en */ = {isa = PBXFileReference; lastKnownFileType = text.plist.strings; name = en; path = en.lproj/InfoPlist.strings; sourceTree = "<group>"; };
		1E58AF9918A540A300E28EAA /* main.m */ = {isa = PBXFileReference; lastKnownFileType = sourcecode.c.objc; path = main.m; sourceTree = "<group>"; };
		1E58AF9B18A540A300E28EAA /* Clean & Sober Toolbox-Prefix.pch */ = {isa = PBXFileReference; lastKnownFileType = sourcecode.c.h; path = "Clean & Sober Toolbox-Prefix.pch"; sourceTree = "<group>"; };
		1E58AF9C18A540A300E28EAA /* CSAppDelegate.h */ = {isa = PBXFileReference; lastKnownFileType = sourcecode.c.h; path = CSAppDelegate.h; sourceTree = "<group>"; };
		1E58AF9D18A540A300E28EAA /* CSAppDelegate.m */ = {isa = PBXFileReference; lastKnownFileType = sourcecode.c.objc; path = CSAppDelegate.m; sourceTree = "<group>"; };
		1E58AFA018A540A300E28EAA /* Base */ = {isa = PBXFileReference; lastKnownFileType = file.storyboard; name = Base; path = Base.lproj/Main_iPhone.storyboard; sourceTree = "<group>"; };
		1E58AFA318A540A300E28EAA /* Base */ = {isa = PBXFileReference; lastKnownFileType = file.storyboard; name = Base; path = Base.lproj/Main_iPad.storyboard; sourceTree = "<group>"; };
		1E58AFA818A540A300E28EAA /* Images.xcassets */ = {isa = PBXFileReference; lastKnownFileType = folder.assetcatalog; path = Images.xcassets; sourceTree = "<group>"; };
		1E58AFAE18A540A300E28EAA /* Clean & Sober ToolboxTests.xctest */ = {isa = PBXFileReference; explicitFileType = wrapper.cfbundle; includeInIndex = 0; path = "Clean & Sober ToolboxTests.xctest"; sourceTree = BUILT_PRODUCTS_DIR; };
		1E58AFAF18A540A300E28EAA /* XCTest.framework */ = {isa = PBXFileReference; lastKnownFileType = wrapper.framework; name = XCTest.framework; path = Library/Frameworks/XCTest.framework; sourceTree = DEVELOPER_DIR; };
		1E58AFB718A540A300E28EAA /* Clean & Sober ToolboxTests-Info.plist */ = {isa = PBXFileReference; lastKnownFileType = text.plist.xml; path = "Clean & Sober ToolboxTests-Info.plist"; sourceTree = "<group>"; };
		1E58AFB918A540A300E28EAA /* en */ = {isa = PBXFileReference; lastKnownFileType = text.plist.strings; name = en; path = en.lproj/InfoPlist.strings; sourceTree = "<group>"; };
		1E58AFBB18A540A300E28EAA /* Clean___Sober_ToolboxTests.m */ = {isa = PBXFileReference; lastKnownFileType = sourcecode.c.objc; path = "Clean___Sober_ToolboxTests.m"; sourceTree = "<group>"; };
		1E82540D18FAD91200DFBFB6 /* Clean & Sober Toolbox.sqlite */ = {isa = PBXFileReference; lastKnownFileType = file; path = "Clean & Sober Toolbox.sqlite"; sourceTree = "<group>"; };
		1E82540E18FAD91200DFBFB6 /* Clean & Sober Toolbox.sqlite-shm */ = {isa = PBXFileReference; lastKnownFileType = file; path = "Clean & Sober Toolbox.sqlite-shm"; sourceTree = "<group>"; };
		1E82540F18FAD91200DFBFB6 /* Clean & Sober Toolbox.sqlite-wal */ = {isa = PBXFileReference; lastKnownFileType = file; path = "Clean & Sober Toolbox.sqlite-wal"; sourceTree = "<group>"; };
		1EA131F118FA4E48000B3C94 /* yearcert.png */ = {isa = PBXFileReference; lastKnownFileType = image.png; path = yearcert.png; sourceTree = "<group>"; };
		1EA41E5A18C5402A00FCE832 /* Florida_2014 */ = {isa = PBXFileReference; lastKnownFileType = folder; path = Florida_2014; sourceTree = "<group>"; };
		1ED3137B18EC833D00C4A6A1 /* iAd.framework */ = {isa = PBXFileReference; lastKnownFileType = wrapper.framework; name = iAd.framework; path = System/Library/Frameworks/iAd.framework; sourceTree = SDKROOT; };
		1ED8216B18BFAEA500EFB474 /* CSCategory.h */ = {isa = PBXFileReference; fileEncoding = 4; lastKnownFileType = sourcecode.c.h; path = CSCategory.h; sourceTree = "<group>"; };
		1ED8216C18BFAEA500EFB474 /* CSCategory.m */ = {isa = PBXFileReference; fileEncoding = 4; lastKnownFileType = sourcecode.c.objc; path = CSCategory.m; sourceTree = "<group>"; };
		1ED8216E18BFAEA500EFB474 /* CSContent.h */ = {isa = PBXFileReference; fileEncoding = 4; lastKnownFileType = sourcecode.c.h; path = CSContent.h; sourceTree = "<group>"; };
		1ED8216F18BFAEA500EFB474 /* CSContent.m */ = {isa = PBXFileReference; fileEncoding = 4; lastKnownFileType = sourcecode.c.objc; path = CSContent.m; sourceTree = "<group>"; };
		1EDC5FD618B9B57600826A52 /* CSDonateViewController.h */ = {isa = PBXFileReference; fileEncoding = 4; lastKnownFileType = sourcecode.c.h; path = CSDonateViewController.h; sourceTree = "<group>"; };
		1EDC5FD718B9B57600826A52 /* CSDonateViewController.m */ = {isa = PBXFileReference; fileEncoding = 4; lastKnownFileType = sourcecode.c.objc; path = CSDonateViewController.m; sourceTree = "<group>"; };
		1EDC5FDC18B9BA1800826A52 /* CSPsychologyViewController.h */ = {isa = PBXFileReference; fileEncoding = 4; lastKnownFileType = sourcecode.c.h; path = CSPsychologyViewController.h; sourceTree = "<group>"; };
		1EDC5FDD18B9BA1800826A52 /* CSPsychologyViewController.m */ = {isa = PBXFileReference; fileEncoding = 4; lastKnownFileType = sourcecode.c.objc; path = CSPsychologyViewController.m; sourceTree = "<group>"; };
		1EDC5FDF18B9BFAC00826A52 /* CSDisclaimerViewController.h */ = {isa = PBXFileReference; fileEncoding = 4; lastKnownFileType = sourcecode.c.h; path = CSDisclaimerViewController.h; sourceTree = "<group>"; };
		1EDC5FE018B9BFAC00826A52 /* CSDisclaimerViewController.m */ = {isa = PBXFileReference; fileEncoding = 4; lastKnownFileType = sourcecode.c.objc; path = CSDisclaimerViewController.m; sourceTree = "<group>"; };
		1EDE809118E79C6D00A93FBB /* newest_cleaned_data.json */ = {isa = PBXFileReference; fileEncoding = 4; lastKnownFileType = text.json; path = newest_cleaned_data.json; sourceTree = "<group>"; };
		1EDE809518E7A5C900A93FBB /* AVFoundation.framework */ = {isa = PBXFileReference; lastKnownFileType = wrapper.framework; name = AVFoundation.framework; path = System/Library/Frameworks/AVFoundation.framework; sourceTree = SDKROOT; };
		1EDE809718E7A5CE00A93FBB /* CoreLocation.framework */ = {isa = PBXFileReference; lastKnownFileType = wrapper.framework; name = CoreLocation.framework; path = System/Library/Frameworks/CoreLocation.framework; sourceTree = SDKROOT; };
		1EDE809918E7A5D600A93FBB /* MessageUI.framework */ = {isa = PBXFileReference; lastKnownFileType = wrapper.framework; name = MessageUI.framework; path = System/Library/Frameworks/MessageUI.framework; sourceTree = SDKROOT; };
		1EDE809B18E7A5DD00A93FBB /* SystemConfiguration.framework */ = {isa = PBXFileReference; lastKnownFileType = wrapper.framework; name = SystemConfiguration.framework; path = System/Library/Frameworks/SystemConfiguration.framework; sourceTree = SDKROOT; };
		1EF1FD3F18F31AF1003DA04C /* CSRewardsViewController.h */ = {isa = PBXFileReference; fileEncoding = 4; lastKnownFileType = sourcecode.c.h; path = CSRewardsViewController.h; sourceTree = "<group>"; };
		1EF1FD4018F31AF1003DA04C /* CSRewardsViewController.m */ = {isa = PBXFileReference; fileEncoding = 4; lastKnownFileType = sourcecode.c.objc; path = CSRewardsViewController.m; sourceTree = "<group>"; };
		1EF1FD4318F33753003DA04C /* coinyear.png */ = {isa = PBXFileReference; lastKnownFileType = image.png; path = coinyear.png; sourceTree = "<group>"; };
		1EF1FD4418F33753003DA04C /* coin9month.png */ = {isa = PBXFileReference; lastKnownFileType = image.png; path = coin9month.png; sourceTree = "<group>"; };
		1EF1FD4518F33753003DA04C /* coin6month.png */ = {isa = PBXFileReference; lastKnownFileType = image.png; path = coin6month.png; sourceTree = "<group>"; };
		1EF1FD4618F33753003DA04C /* coin90.png */ = {isa = PBXFileReference; lastKnownFileType = image.png; path = coin90.png; sourceTree = "<group>"; };
		1EF1FD4718F33753003DA04C /* coin60.png */ = {isa = PBXFileReference; lastKnownFileType = image.png; path = coin60.png; sourceTree = "<group>"; };
		1EF1FD4818F33753003DA04C /* coin30.png */ = {isa = PBXFileReference; lastKnownFileType = image.png; path = coin30.png; sourceTree = "<group>"; };
		1EF1FD4918F33753003DA04C /* coin7.png */ = {isa = PBXFileReference; lastKnownFileType = image.png; path = coin7.png; sourceTree = "<group>"; };
		1EF1FD5418F351DF003DA04C /* User.h */ = {isa = PBXFileReference; fileEncoding = 4; lastKnownFileType = sourcecode.c.h; path = User.h; sourceTree = "<group>"; };
		1EF1FD5518F351DF003DA04C /* User.m */ = {isa = PBXFileReference; fileEncoding = 4; lastKnownFileType = sourcecode.c.objc; path = User.m; sourceTree = "<group>"; };
		35D2BB7B7BAF4FD4B4D4D4C9 /* libPods.a */ = {isa = PBXFileReference; explicitFileType = archive.ar; includeInIndex = 0; path = libPods.a; sourceTree = BUILT_PRODUCTS_DIR; };
/* End PBXFileReference section */

/* Begin PBXFrameworksBuildPhase section */
		1E58AF8718A540A300E28EAA /* Frameworks */ = {
			isa = PBXFrameworksBuildPhase;
			buildActionMask = 2147483647;
			files = (
				1EF1FD6218F46778003DA04C /* CoreLocation.framework in Frameworks */,
				1EF1FD6118F46771003DA04C /* MessageUI.framework in Frameworks */,
				1EF1FD6018F46767003DA04C /* SystemConfiguration.framework in Frameworks */,
				1EF1FD5F18F4675F003DA04C /* AVFoundation.framework in Frameworks */,
				1ED3137C18EC833D00C4A6A1 /* iAd.framework in Frameworks */,
				1E58AF9018A540A300E28EAA /* CoreGraphics.framework in Frameworks */,
				1E58AF9218A540A300E28EAA /* UIKit.framework in Frameworks */,
				1E58AF8E18A540A300E28EAA /* Foundation.framework in Frameworks */,
				1E272A1C18F5FDCC00D766B0 /* libPayPalMobile.a in Frameworks */,
				DCA1EB1CD5B34C3DA8215CA8 /* libPods.a in Frameworks */,
			);
			runOnlyForDeploymentPostprocessing = 0;
		};
		1E58AFAB18A540A300E28EAA /* Frameworks */ = {
			isa = PBXFrameworksBuildPhase;
			buildActionMask = 2147483647;
			files = (
				1E58AFB018A540A300E28EAA /* XCTest.framework in Frameworks */,
				1E58AFB218A540A300E28EAA /* UIKit.framework in Frameworks */,
				1E58AFB118A540A300E28EAA /* Foundation.framework in Frameworks */,
			);
			runOnlyForDeploymentPostprocessing = 0;
		};
/* End PBXFrameworksBuildPhase section */

/* Begin PBXGroup section */
		1E04D3A418ADC63D00BC81FC /* static content */ = {
			isa = PBXGroup;
			children = (
				1E82540D18FAD91200DFBFB6 /* Clean & Sober Toolbox.sqlite */,
				1E82540E18FAD91200DFBFB6 /* Clean & Sober Toolbox.sqlite-shm */,
				1E82540F18FAD91200DFBFB6 /* Clean & Sober Toolbox.sqlite-wal */,
				1EF1FD4218F3374C003DA04C /* art */,
				1EDE809118E79C6D00A93FBB /* newest_cleaned_data.json */,
				1EA41E5A18C5402A00FCE832 /* Florida_2014 */,
			);
			name = "static content";
			sourceTree = "<group>";
		};
		1E04D3A718ADCBA300BC81FC /* Utility */ = {
			isa = PBXGroup;
			children = (
				1E04D3A818ADCBC200BC81FC /* CSUtilities.h */,
				1E04D3A918ADCBC200BC81FC /* CSUtilities.m */,
				1E04D3AE18ADD4B300BC81FC /* Constants.h */,
			);
			name = Utility;
			sourceTree = "<group>";
		};
		1E04D3AF18ADD63C00BC81FC /* ViewControllers */ = {
			isa = PBXGroup;
			children = (
				1EDC5FE218B9C06600826A52 /* Menu */,
				1E3377A718ADBCA80052DEAA /* CSCategoryListController.h */,
				1E3377A818ADBCA80052DEAA /* CSCategoryListController.m */,
				1E04D3DA18ADECE400BC81FC /* CSContentViewController.h */,
				1E04D3DB18ADECE400BC81FC /* CSContentViewController.m */,
			);
			name = ViewControllers;
			sourceTree = "<group>";
		};
		1E04D3BF18ADDAAF00BC81FC /* CoreData Stuff */ = {
			isa = PBXGroup;
			children = (
				1EF1FD5418F351DF003DA04C /* User.h */,
				1EF1FD5518F351DF003DA04C /* User.m */,
				1E04D3AB18ADD15000BC81FC /* ContentModel.xcdatamodeld */,
				1ED8216E18BFAEA500EFB474 /* CSContent.h */,
				1ED8216F18BFAEA500EFB474 /* CSContent.m */,
				1ED8216B18BFAEA500EFB474 /* CSCategory.h */,
				1ED8216C18BFAEA500EFB474 /* CSCategory.m */,
			);
			name = "CoreData Stuff";
			sourceTree = "<group>";
		};
		1E272A1518F5FDCC00D766B0 /* PayPalMobile */ = {
			isa = PBXGroup;
			children = (
				1E272A1618F5FDCC00D766B0 /* libPayPalMobile.a */,
				1E272A1718F5FDCC00D766B0 /* PayPalConfiguration.h */,
				1E272A1818F5FDCC00D766B0 /* PayPalFuturePaymentViewController.h */,
				1E272A1918F5FDCC00D766B0 /* PayPalMobile.h */,
				1E272A1A18F5FDCC00D766B0 /* PayPalPayment.h */,
				1E272A1B18F5FDCC00D766B0 /* PayPalPaymentViewController.h */,
			);
			path = PayPalMobile;
			sourceTree = "<group>";
		};
		1E563F5918FACFE6009644E5 /* splash */ = {
			isa = PBXGroup;
			children = (
				1E563F5A18FACFF2009644E5 /* Default.png */,
				1E563F5B18FACFF2009644E5 /* Default~iphone.png */,
				1E563F5C18FACFF2009644E5 /* cs_splash640x1136.png */,
			);
			name = splash;
			sourceTree = "<group>";
		};
		1E58AF8118A540A300E28EAA = {
			isa = PBXGroup;
			children = (
				1E58AF9318A540A300E28EAA /* Clean & Sober Toolbox */,
				1E58AFB518A540A300E28EAA /* Clean & Sober ToolboxTests */,
				1E58AF8C18A540A300E28EAA /* Frameworks */,
				1E58AF8B18A540A300E28EAA /* Products */,
				0A25E65CA4C74E41A76F468B /* Pods.xcconfig */,
			);
			sourceTree = "<group>";
		};
		1E58AF8B18A540A300E28EAA /* Products */ = {
			isa = PBXGroup;
			children = (
				1E58AF8A18A540A300E28EAA /* Clean & Sober Toolbox.app */,
				1E58AFAE18A540A300E28EAA /* Clean & Sober ToolboxTests.xctest */,
			);
			name = Products;
			sourceTree = "<group>";
		};
		1E58AF8C18A540A300E28EAA /* Frameworks */ = {
			isa = PBXGroup;
			children = (
				1E272A1518F5FDCC00D766B0 /* PayPalMobile */,
				1ED3137B18EC833D00C4A6A1 /* iAd.framework */,
				1EDE809B18E7A5DD00A93FBB /* SystemConfiguration.framework */,
				1EDE809918E7A5D600A93FBB /* MessageUI.framework */,
				1EDE809718E7A5CE00A93FBB /* CoreLocation.framework */,
				1EDE809518E7A5C900A93FBB /* AVFoundation.framework */,
				1E58AF8D18A540A300E28EAA /* Foundation.framework */,
				1E58AF8F18A540A300E28EAA /* CoreGraphics.framework */,
				1E58AF9118A540A300E28EAA /* UIKit.framework */,
				1E58AFAF18A540A300E28EAA /* XCTest.framework */,
				35D2BB7B7BAF4FD4B4D4D4C9 /* libPods.a */,
			);
			name = Frameworks;
			sourceTree = "<group>";
		};
		1E58AF9318A540A300E28EAA /* Clean & Sober Toolbox */ = {
			isa = PBXGroup;
			children = (
				1E04D3BF18ADDAAF00BC81FC /* CoreData Stuff */,
				1E04D3AF18ADD63C00BC81FC /* ViewControllers */,
				1E04D3A718ADCBA300BC81FC /* Utility */,
				1E04D3A418ADC63D00BC81FC /* static content */,
				1E58AF9C18A540A300E28EAA /* CSAppDelegate.h */,
				1E58AF9D18A540A300E28EAA /* CSAppDelegate.m */,
				1E58AF9F18A540A300E28EAA /* Main_iPhone.storyboard */,
				1E58AFA218A540A300E28EAA /* Main_iPad.storyboard */,
				1E58AFA818A540A300E28EAA /* Images.xcassets */,
				1E58AF9418A540A300E28EAA /* Supporting Files */,
			);
			path = "Clean & Sober Toolbox";
			sourceTree = "<group>";
		};
		1E58AF9418A540A300E28EAA /* Supporting Files */ = {
			isa = PBXGroup;
			children = (
				1E58AF9518A540A300E28EAA /* Clean & Sober Toolbox-Info.plist */,
				1E58AF9618A540A300E28EAA /* InfoPlist.strings */,
				1E58AF9918A540A300E28EAA /* main.m */,
				1E58AF9B18A540A300E28EAA /* Clean & Sober Toolbox-Prefix.pch */,
			);
			name = "Supporting Files";
			sourceTree = "<group>";
		};
		1E58AFB518A540A300E28EAA /* Clean & Sober ToolboxTests */ = {
			isa = PBXGroup;
			children = (
				1E58AFBB18A540A300E28EAA /* Clean___Sober_ToolboxTests.m */,
				1E58AFB618A540A300E28EAA /* Supporting Files */,
			);
			path = "Clean & Sober ToolboxTests";
			sourceTree = "<group>";
		};
		1E58AFB618A540A300E28EAA /* Supporting Files */ = {
			isa = PBXGroup;
			children = (
				1E58AFB718A540A300E28EAA /* Clean & Sober ToolboxTests-Info.plist */,
				1E58AFB818A540A300E28EAA /* InfoPlist.strings */,
			);
			name = "Supporting Files";
			sourceTree = "<group>";
		};
		1EA131E218F9EC46000B3C94 /* icons */ = {
			isa = PBXGroup;
			children = (
				1E3F34C818FB400700CA61A8 /* appicon_crop_57.png */,
				1E3F34C918FB400700CA61A8 /* appicon_crop_72.png */,
				1E3F34CA18FB400700CA61A8 /* appicon_crop_76.png */,
				1E3F34CB18FB400700CA61A8 /* appicon_crop_114.png */,
				1E3F34CC18FB400700CA61A8 /* appicon_crop_120.png */,
				1E3F34CD18FB400700CA61A8 /* appicon_crop_144.png */,
				1E3F34CE18FB400700CA61A8 /* appicon_crop_152.png */,
			);
			name = icons;
			sourceTree = "<group>";
		};
		1EDC5FE218B9C06600826A52 /* Menu */ = {
			isa = PBXGroup;
			children = (
				1E04D3B018ADD65900BC81FC /* CSMenuViewController.h */,
				1E04D3B118ADD65900BC81FC /* CSMenuViewController.m */,
				1EDC5FD618B9B57600826A52 /* CSDonateViewController.h */,
				1EDC5FD718B9B57600826A52 /* CSDonateViewController.m */,
				1EDC5FDC18B9BA1800826A52 /* CSPsychologyViewController.h */,
				1EDC5FDD18B9BA1800826A52 /* CSPsychologyViewController.m */,
				1EDC5FDF18B9BFAC00826A52 /* CSDisclaimerViewController.h */,
				1EDC5FE018B9BFAC00826A52 /* CSDisclaimerViewController.m */,
				1EF1FD3F18F31AF1003DA04C /* CSRewardsViewController.h */,
				1EF1FD4018F31AF1003DA04C /* CSRewardsViewController.m */,
			);
			name = Menu;
			sourceTree = "<group>";
		};
		1EF1FD4218F3374C003DA04C /* art */ = {
			isa = PBXGroup;
			children = (
				1E563F5918FACFE6009644E5 /* splash */,
				1EA131F118FA4E48000B3C94 /* yearcert.png */,
				1EA131E218F9EC46000B3C94 /* icons */,
				1EF1FD4318F33753003DA04C /* coinyear.png */,
				1EF1FD4418F33753003DA04C /* coin9month.png */,
				1EF1FD4518F33753003DA04C /* coin6month.png */,
				1EF1FD4618F33753003DA04C /* coin90.png */,
				1EF1FD4718F33753003DA04C /* coin60.png */,
				1EF1FD4818F33753003DA04C /* coin30.png */,
				1EF1FD4918F33753003DA04C /* coin7.png */,
			);
			name = art;
			sourceTree = "<group>";
		};
/* End PBXGroup section */

/* Begin PBXNativeTarget section */
		1E58AF8918A540A300E28EAA /* Clean & Sober Toolbox */ = {
			isa = PBXNativeTarget;
			buildConfigurationList = 1E58AFBF18A540A300E28EAA /* Build configuration list for PBXNativeTarget "Clean & Sober Toolbox" */;
			buildPhases = (
				EF8B9DB67F444F5592930D30 /* Check Pods Manifest.lock */,
				1E58AF8618A540A300E28EAA /* Sources */,
				1E58AF8718A540A300E28EAA /* Frameworks */,
				1E58AF8818A540A300E28EAA /* Resources */,
				CD410196F66D45439ABAF6D9 /* Copy Pods Resources */,
			);
			buildRules = (
			);
			dependencies = (
			);
			name = "Clean & Sober Toolbox";
			productName = "Clean & Sober Toolbox";
			productReference = 1E58AF8A18A540A300E28EAA /* Clean & Sober Toolbox.app */;
			productType = "com.apple.product-type.application";
		};
		1E58AFAD18A540A300E28EAA /* Clean & Sober ToolboxTests */ = {
			isa = PBXNativeTarget;
			buildConfigurationList = 1E58AFC218A540A300E28EAA /* Build configuration list for PBXNativeTarget "Clean & Sober ToolboxTests" */;
			buildPhases = (
				1E58AFAA18A540A300E28EAA /* Sources */,
				1E58AFAB18A540A300E28EAA /* Frameworks */,
				1E58AFAC18A540A300E28EAA /* Resources */,
			);
			buildRules = (
			);
			dependencies = (
				1E58AFB418A540A300E28EAA /* PBXTargetDependency */,
			);
			name = "Clean & Sober ToolboxTests";
			productName = "Clean & Sober ToolboxTests";
			productReference = 1E58AFAE18A540A300E28EAA /* Clean & Sober ToolboxTests.xctest */;
			productType = "com.apple.product-type.bundle.unit-test";
		};
/* End PBXNativeTarget section */

/* Begin PBXProject section */
		1E58AF8218A540A300E28EAA /* Project object */ = {
			isa = PBXProject;
			attributes = {
				CLASSPREFIX = CS;
				LastUpgradeCheck = 0510;
				ORGANIZATIONNAME = "Tyler Hugenberg";
				TargetAttributes = {
					1E58AFAD18A540A300E28EAA = {
						TestTargetID = 1E58AF8918A540A300E28EAA;
					};
				};
			};
			buildConfigurationList = 1E58AF8518A540A300E28EAA /* Build configuration list for PBXProject "Clean & Sober Toolbox" */;
			compatibilityVersion = "Xcode 3.2";
			developmentRegion = English;
			hasScannedForEncodings = 0;
			knownRegions = (
				en,
				Base,
			);
			mainGroup = 1E58AF8118A540A300E28EAA;
			productRefGroup = 1E58AF8B18A540A300E28EAA /* Products */;
			projectDirPath = "";
			projectRoot = "";
			targets = (
				1E58AF8918A540A300E28EAA /* Clean & Sober Toolbox */,
				1E58AFAD18A540A300E28EAA /* Clean & Sober ToolboxTests */,
			);
		};
/* End PBXProject section */

/* Begin PBXResourcesBuildPhase section */
		1E58AF8818A540A300E28EAA /* Resources */ = {
			isa = PBXResourcesBuildPhase;
			buildActionMask = 2147483647;
			files = (
				1EF1FD4E18F33753003DA04C /* coin60.png in Resources */,
				1E563F5D18FACFF2009644E5 /* Default.png in Resources */,
				1EF1FD4F18F33753003DA04C /* coin30.png in Resources */,
				1EF1FD5018F33753003DA04C /* coin7.png in Resources */,
				1EF1FD4B18F33753003DA04C /* coin9month.png in Resources */,
				1E3F34D018FB400700CA61A8 /* appicon_crop_72.png in Resources */,
				1E58AFA918A540A300E28EAA /* Images.xcassets in Resources */,
				1EA131F218FA4E48000B3C94 /* yearcert.png in Resources */,
				1EF1FD4A18F33753003DA04C /* coinyear.png in Resources */,
				1E563F5E18FACFF2009644E5 /* Default~iphone.png in Resources */,
				1EA41E5B18C5402A00FCE832 /* Florida_2014 in Resources */,
				1EF1FD4D18F33753003DA04C /* coin90.png in Resources */,
				1EDE809218E79C6D00A93FBB /* newest_cleaned_data.json in Resources */,
				1EF1FD4C18F33753003DA04C /* coin6month.png in Resources */,
				1E563F5F18FACFF2009644E5 /* cs_splash640x1136.png in Resources */,
				1E58AF9818A540A300E28EAA /* InfoPlist.strings in Resources */,
				1E3F34C218FADCCB00CA61A8 /* Clean & Sober Toolbox.sqlite in Resources */,
				1E3F34D218FB400700CA61A8 /* appicon_crop_114.png in Resources */,
				1E3F34C318FADCCB00CA61A8 /* Clean & Sober Toolbox.sqlite-shm in Resources */,
				1E3F34C418FADCCB00CA61A8 /* Clean & Sober Toolbox.sqlite-wal in Resources */,
				1E3F34D518FB400700CA61A8 /* appicon_crop_152.png in Resources */,
				1E3F34D418FB400700CA61A8 /* appicon_crop_144.png in Resources */,
				1E3F34D318FB400700CA61A8 /* appicon_crop_120.png in Resources */,
				1E3F34D118FB400700CA61A8 /* appicon_crop_76.png in Resources */,
				1E3F34C518FAEA0000CA61A8 /* Main_iPhone.storyboard in Resources */,
				1E3F34CF18FB400700CA61A8 /* appicon_crop_57.png in Resources */,
				1E3F34C618FAEA0000CA61A8 /* Main_iPad.storyboard in Resources */,
			);
			runOnlyForDeploymentPostprocessing = 0;
		};
		1E58AFAC18A540A300E28EAA /* Resources */ = {
			isa = PBXResourcesBuildPhase;
			buildActionMask = 2147483647;
			files = (
				1E58AFBA18A540A300E28EAA /* InfoPlist.strings in Resources */,
			);
			runOnlyForDeploymentPostprocessing = 0;
		};
/* End PBXResourcesBuildPhase section */

/* Begin PBXShellScriptBuildPhase section */
		CD410196F66D45439ABAF6D9 /* Copy Pods Resources */ = {
			isa = PBXShellScriptBuildPhase;
			buildActionMask = 2147483647;
			files = (
			);
			inputPaths = (
			);
			name = "Copy Pods Resources";
			outputPaths = (
			);
			runOnlyForDeploymentPostprocessing = 0;
			shellPath = /bin/sh;
			shellScript = "\"${SRCROOT}/Pods/Pods-resources.sh\"\n";
			showEnvVarsInLog = 0;
		};
		EF8B9DB67F444F5592930D30 /* Check Pods Manifest.lock */ = {
			isa = PBXShellScriptBuildPhase;
			buildActionMask = 2147483647;
			files = (
			);
			inputPaths = (
			);
			name = "Check Pods Manifest.lock";
			outputPaths = (
			);
			runOnlyForDeploymentPostprocessing = 0;
			shellPath = /bin/sh;
			shellScript = "diff \"${PODS_ROOT}/../Podfile.lock\" \"${PODS_ROOT}/Manifest.lock\" > /dev/null\nif [[ $? != 0 ]] ; then\n    cat << EOM\nerror: The sandbox is not in sync with the Podfile.lock. Run 'pod install' or update your CocoaPods installation.\nEOM\n    exit 1\nfi\n";
			showEnvVarsInLog = 0;
		};
/* End PBXShellScriptBuildPhase section */

/* Begin PBXSourcesBuildPhase section */
		1E58AF8618A540A300E28EAA /* Sources */ = {
			isa = PBXSourcesBuildPhase;
			buildActionMask = 2147483647;
			files = (
				1E04D3DC18ADECE400BC81FC /* CSContentViewController.m in Sources */,
				1E3377A918ADBCA80052DEAA /* CSCategoryListController.m in Sources */,
				1E04D3B218ADD65900BC81FC /* CSMenuViewController.m in Sources */,
				1E58AF9E18A540A300E28EAA /* CSAppDelegate.m in Sources */,
				1EDC5FE118B9BFAC00826A52 /* CSDisclaimerViewController.m in Sources */,
				1E04D3AA18ADCBC200BC81FC /* CSUtilities.m in Sources */,
				1E04D3AD18ADD15000BC81FC /* ContentModel.xcdatamodeld in Sources */,
				1ED8216D18BFAEA500EFB474 /* CSCategory.m in Sources */,
				1EF1FD5618F351DF003DA04C /* User.m in Sources */,
				1ED8217018BFAEA500EFB474 /* CSContent.m in Sources */,
				1E58AF9A18A540A300E28EAA /* main.m in Sources */,
				1EDC5FDE18B9BA1800826A52 /* CSPsychologyViewController.m in Sources */,
				1EDC5FD818B9B57600826A52 /* CSDonateViewController.m in Sources */,
				1EF1FD4118F31AF1003DA04C /* CSRewardsViewController.m in Sources */,
			);
			runOnlyForDeploymentPostprocessing = 0;
		};
		1E58AFAA18A540A300E28EAA /* Sources */ = {
			isa = PBXSourcesBuildPhase;
			buildActionMask = 2147483647;
			files = (
				1E58AFBC18A540A300E28EAA /* Clean___Sober_ToolboxTests.m in Sources */,
			);
			runOnlyForDeploymentPostprocessing = 0;
		};
/* End PBXSourcesBuildPhase section */

/* Begin PBXTargetDependency section */
		1E58AFB418A540A300E28EAA /* PBXTargetDependency */ = {
			isa = PBXTargetDependency;
			target = 1E58AF8918A540A300E28EAA /* Clean & Sober Toolbox */;
			targetProxy = 1E58AFB318A540A300E28EAA /* PBXContainerItemProxy */;
		};
/* End PBXTargetDependency section */

/* Begin PBXVariantGroup section */
		1E58AF9618A540A300E28EAA /* InfoPlist.strings */ = {
			isa = PBXVariantGroup;
			children = (
				1E58AF9718A540A300E28EAA /* en */,
			);
			name = InfoPlist.strings;
			sourceTree = "<group>";
		};
		1E58AF9F18A540A300E28EAA /* Main_iPhone.storyboard */ = {
			isa = PBXVariantGroup;
			children = (
				1E58AFA018A540A300E28EAA /* Base */,
			);
			name = Main_iPhone.storyboard;
			sourceTree = "<group>";
		};
		1E58AFA218A540A300E28EAA /* Main_iPad.storyboard */ = {
			isa = PBXVariantGroup;
			children = (
				1E58AFA318A540A300E28EAA /* Base */,
			);
			name = Main_iPad.storyboard;
			sourceTree = "<group>";
		};
		1E58AFB818A540A300E28EAA /* InfoPlist.strings */ = {
			isa = PBXVariantGroup;
			children = (
				1E58AFB918A540A300E28EAA /* en */,
			);
			name = InfoPlist.strings;
			sourceTree = "<group>";
		};
/* End PBXVariantGroup section */

/* Begin XCBuildConfiguration section */
		1E58AFBD18A540A300E28EAA /* Debug */ = {
			isa = XCBuildConfiguration;
			buildSettings = {
				ALWAYS_SEARCH_USER_PATHS = NO;
				CLANG_CXX_LANGUAGE_STANDARD = "gnu++0x";
				CLANG_CXX_LIBRARY = "libc++";
				CLANG_ENABLE_MODULES = YES;
				CLANG_ENABLE_OBJC_ARC = YES;
				CLANG_WARN_BOOL_CONVERSION = YES;
				CLANG_WARN_CONSTANT_CONVERSION = YES;
				CLANG_WARN_DIRECT_OBJC_ISA_USAGE = YES_ERROR;
				CLANG_WARN_EMPTY_BODY = YES;
				CLANG_WARN_ENUM_CONVERSION = YES;
				CLANG_WARN_INT_CONVERSION = YES;
				CLANG_WARN_OBJC_ROOT_CLASS = YES_ERROR;
				CLANG_WARN__DUPLICATE_METHOD_MATCH = YES;
				"CODE_SIGN_IDENTITY[sdk=iphoneos*]" = "iPhone Developer";
				COPY_PHASE_STRIP = NO;
				GCC_C_LANGUAGE_STANDARD = gnu99;
				GCC_DYNAMIC_NO_PIC = NO;
				GCC_OPTIMIZATION_LEVEL = 0;
				GCC_PREPROCESSOR_DEFINITIONS = (
					"DEBUG=1",
					"$(inherited)",
				);
				GCC_SYMBOLS_PRIVATE_EXTERN = NO;
				GCC_WARN_64_TO_32_BIT_CONVERSION = YES;
				GCC_WARN_ABOUT_RETURN_TYPE = YES_ERROR;
				GCC_WARN_UNDECLARED_SELECTOR = YES;
				GCC_WARN_UNINITIALIZED_AUTOS = YES;
				GCC_WARN_UNUSED_FUNCTION = YES;
				GCC_WARN_UNUSED_VARIABLE = YES;
				IPHONEOS_DEPLOYMENT_TARGET = 7.0;
				ONLY_ACTIVE_ARCH = YES;
				SDKROOT = iphoneos;
				TARGETED_DEVICE_FAMILY = "1,2";
			};
			name = Debug;
		};
		1E58AFBE18A540A300E28EAA /* Release */ = {
			isa = XCBuildConfiguration;
			buildSettings = {
				ALWAYS_SEARCH_USER_PATHS = NO;
				CLANG_CXX_LANGUAGE_STANDARD = "gnu++0x";
				CLANG_CXX_LIBRARY = "libc++";
				CLANG_ENABLE_MODULES = YES;
				CLANG_ENABLE_OBJC_ARC = YES;
				CLANG_WARN_BOOL_CONVERSION = YES;
				CLANG_WARN_CONSTANT_CONVERSION = YES;
				CLANG_WARN_DIRECT_OBJC_ISA_USAGE = YES_ERROR;
				CLANG_WARN_EMPTY_BODY = YES;
				CLANG_WARN_ENUM_CONVERSION = YES;
				CLANG_WARN_INT_CONVERSION = YES;
				CLANG_WARN_OBJC_ROOT_CLASS = YES_ERROR;
				CLANG_WARN__DUPLICATE_METHOD_MATCH = YES;
				"CODE_SIGN_IDENTITY[sdk=iphoneos*]" = "iPhone Developer";
				COPY_PHASE_STRIP = YES;
				ENABLE_NS_ASSERTIONS = NO;
				GCC_C_LANGUAGE_STANDARD = gnu99;
				GCC_WARN_64_TO_32_BIT_CONVERSION = YES;
				GCC_WARN_ABOUT_RETURN_TYPE = YES_ERROR;
				GCC_WARN_UNDECLARED_SELECTOR = YES;
				GCC_WARN_UNINITIALIZED_AUTOS = YES;
				GCC_WARN_UNUSED_FUNCTION = YES;
				GCC_WARN_UNUSED_VARIABLE = YES;
				IPHONEOS_DEPLOYMENT_TARGET = 7.0;
				SDKROOT = iphoneos;
				TARGETED_DEVICE_FAMILY = "1,2";
				VALIDATE_PRODUCT = YES;
			};
			name = Release;
		};
		1E58AFC018A540A300E28EAA /* Debug */ = {
			isa = XCBuildConfiguration;
			baseConfigurationReference = 0A25E65CA4C74E41A76F468B /* Pods.xcconfig */;
			buildSettings = {
				CODE_SIGN_IDENTITY = "";
				GCC_PRECOMPILE_PREFIX_HEADER = YES;
				GCC_PREFIX_HEADER = "Clean & Sober Toolbox/Clean & Sober Toolbox-Prefix.pch";
				INFOPLIST_FILE = "Clean & Sober Toolbox/Clean & Sober Toolbox-Info.plist";
				IPHONEOS_DEPLOYMENT_TARGET = 6.0;
				LIBRARY_SEARCH_PATHS = (
					"$(inherited)",
					"$(PROJECT_DIR)/PayPalMobile",
					"$(PROJECT_DIR)/Clean",
					"&",
					Sober,
					Toolbox/PayPalMobile,
					"$(PROJECT_DIR)/Clean",
					"&",
					Sober,
					Toolbox/PayPalMobile,
				);
				OTHER_LDFLAGS = (
					"-ObjC",
					"-framework",
					CFNetwork,
					"-framework",
					CoreData,
					"-framework",
					CoreGraphics,
					"-framework",
					MobileCoreServices,
					"-framework",
					Security,
					"-framework",
					SystemConfiguration,
					"-lc++",
				);
				PRODUCT_NAME = "$(TARGET_NAME)";
				PROVISIONING_PROFILE = "7C62B748-AC0F-45F8-933A-E086FF5FF1E6";
				WRAPPER_EXTENSION = app;
			};
			name = Debug;
		};
		1E58AFC118A540A300E28EAA /* Release */ = {
			isa = XCBuildConfiguration;
			baseConfigurationReference = 0A25E65CA4C74E41A76F468B /* Pods.xcconfig */;
			buildSettings = {
				CODE_SIGN_IDENTITY = "";
				GCC_PRECOMPILE_PREFIX_HEADER = YES;
				GCC_PREFIX_HEADER = "Clean & Sober Toolbox/Clean & Sober Toolbox-Prefix.pch";
				INFOPLIST_FILE = "Clean & Sober Toolbox/Clean & Sober Toolbox-Info.plist";
				IPHONEOS_DEPLOYMENT_TARGET = 6.0;
				LIBRARY_SEARCH_PATHS = (
					"$(inherited)",
					"$(PROJECT_DIR)/PayPalMobile",
					"$(PROJECT_DIR)/Clean",
					"&",
					Sober,
					Toolbox/PayPalMobile,
					"$(PROJECT_DIR)/Clean",
					"&",
					Sober,
					Toolbox/PayPalMobile,
				);
				OTHER_LDFLAGS = (
					"-ObjC",
					"-framework",
					CFNetwork,
					"-framework",
					CoreData,
					"-framework",
					CoreGraphics,
					"-framework",
					MobileCoreServices,
					"-framework",
					Security,
					"-framework",
					SystemConfiguration,
					"-lc++",
				);
				PRODUCT_NAME = "$(TARGET_NAME)";
				PROVISIONING_PROFILE = "7C62B748-AC0F-45F8-933A-E086FF5FF1E6";
				WRAPPER_EXTENSION = app;
			};
			name = Release;
		};
		1E58AFC318A540A300E28EAA /* Debug */ = {
			isa = XCBuildConfiguration;
			buildSettings = {
				BUNDLE_LOADER = "$(BUILT_PRODUCTS_DIR)/Clean & Sober Toolbox.app/Clean & Sober Toolbox";
				FRAMEWORK_SEARCH_PATHS = (
					"$(SDKROOT)/Developer/Library/Frameworks",
					"$(inherited)",
					"$(DEVELOPER_FRAMEWORKS_DIR)",
				);
				GCC_PRECOMPILE_PREFIX_HEADER = YES;
				GCC_PREFIX_HEADER = "Clean & Sober Toolbox/Clean & Sober Toolbox-Prefix.pch";
				GCC_PREPROCESSOR_DEFINITIONS = (
					"DEBUG=1",
					"$(inherited)",
				);
				INFOPLIST_FILE = "Clean & Sober ToolboxTests/Clean & Sober ToolboxTests-Info.plist";
				PRODUCT_NAME = "$(TARGET_NAME)";
				TEST_HOST = "$(BUNDLE_LOADER)";
				WRAPPER_EXTENSION = xctest;
			};
			name = Debug;
		};
		1E58AFC418A540A300E28EAA /* Release */ = {
			isa = XCBuildConfiguration;
			buildSettings = {
				BUNDLE_LOADER = "$(BUILT_PRODUCTS_DIR)/Clean & Sober Toolbox.app/Clean & Sober Toolbox";
				FRAMEWORK_SEARCH_PATHS = (
					"$(SDKROOT)/Developer/Library/Frameworks",
					"$(inherited)",
					"$(DEVELOPER_FRAMEWORKS_DIR)",
				);
				GCC_PRECOMPILE_PREFIX_HEADER = YES;
				GCC_PREFIX_HEADER = "Clean & Sober Toolbox/Clean & Sober Toolbox-Prefix.pch";
				INFOPLIST_FILE = "Clean & Sober ToolboxTests/Clean & Sober ToolboxTests-Info.plist";
				PRODUCT_NAME = "$(TARGET_NAME)";
				TEST_HOST = "$(BUNDLE_LOADER)";
				WRAPPER_EXTENSION = xctest;
			};
			name = Release;
		};
/* End XCBuildConfiguration section */

/* Begin XCConfigurationList section */
		1E58AF8518A540A300E28EAA /* Build configuration list for PBXProject "Clean & Sober Toolbox" */ = {
			isa = XCConfigurationList;
			buildConfigurations = (
				1E58AFBD18A540A300E28EAA /* Debug */,
				1E58AFBE18A540A300E28EAA /* Release */,
			);
			defaultConfigurationIsVisible = 0;
			defaultConfigurationName = Release;
		};
		1E58AFBF18A540A300E28EAA /* Build configuration list for PBXNativeTarget "Clean & Sober Toolbox" */ = {
			isa = XCConfigurationList;
			buildConfigurations = (
				1E58AFC018A540A300E28EAA /* Debug */,
				1E58AFC118A540A300E28EAA /* Release */,
			);
			defaultConfigurationIsVisible = 0;
			defaultConfigurationName = Release;
		};
		1E58AFC218A540A300E28EAA /* Build configuration list for PBXNativeTarget "Clean & Sober ToolboxTests" */ = {
			isa = XCConfigurationList;
			buildConfigurations = (
				1E58AFC318A540A300E28EAA /* Debug */,
				1E58AFC418A540A300E28EAA /* Release */,
			);
			defaultConfigurationIsVisible = 0;
			defaultConfigurationName = Release;
		};
/* End XCConfigurationList section */

/* Begin XCVersionGroup section */
		1E04D3AB18ADD15000BC81FC /* ContentModel.xcdatamodeld */ = {
			isa = XCVersionGroup;
			children = (
				1E04D3AC18ADD15000BC81FC /* ContentModel.xcdatamodel */,
			);
			currentVersion = 1E04D3AC18ADD15000BC81FC /* ContentModel.xcdatamodel */;
			path = ContentModel.xcdatamodeld;
			sourceTree = "<group>";
			versionGroupType = wrapper.xcdatamodel;
		};
/* End XCVersionGroup section */
	};
	rootObject = 1E58AF8218A540A300E28EAA /* Project object */;
}
